
Microsoft Visual Studio Solution File, Format Version 12.00
# Visual Studio 15
VisualStudioVersion = 15.0.27703.2000
MinimumVisualStudioVersion = 10.0.40219.1
Project("{8BC9CEB8-8B4A-11D0-8D11-00A0C91BC942}") = "PlaySK Piano Roll Reader", "Source\MyReader.vcxproj", "{DC0E6C0C-B239-4428-AEEA-CF606EB69685}"
EndProject
Project("{2150E333-8FDC-42A3-9474-1A3956D46DE8}") = "Solution Items", "Solution Items", "{64DFB5BC-A8A3-4215-B1F2-4AF853D0F40A}"
	ProjectSection(SolutionItems) = preProject
		README.md = README.md
	EndProjectSection
EndProject
Global
	GlobalSection(SolutionConfigurationPlatforms) = preSolution
		Debug|Win32 = Debug|Win32
		Debug|x64 = Debug|x64
		Release|Win32 = Release|Win32
		Release|x64 = Release|x64
		Release64|Win32 = Release64|Win32
		Release64|x64 = Release64|x64
	EndGlobalSection
	GlobalSection(ProjectConfigurationPlatforms) = postSolution
		{DC0E6C0C-B239-4428-AEEA-CF606EB69685}.Debug|Win32.ActiveCfg = Debug|Win32
		{DC0E6C0C-B239-4428-AEEA-CF606EB69685}.Debug|Win32.Build.0 = Debug|Win32
		{DC0E6C0C-B239-4428-AEEA-CF606EB69685}.Debug|x64.ActiveCfg = Release|Win32
		{DC0E6C0C-B239-4428-AEEA-CF606EB69685}.Release|Win32.ActiveCfg = Release|Win32
		{DC0E6C0C-B239-4428-AEEA-CF606EB69685}.Release|Win32.Build.0 = Release|Win32
		{DC0E6C0C-B239-4428-AEEA-CF606EB69685}.Release|x64.ActiveCfg = Release|Win32
		{DC0E6C0C-B239-4428-AEEA-CF606EB69685}.Release64|Win32.ActiveCfg = Release|Win32
		{DC0E6C0C-B239-4428-AEEA-CF606EB69685}.Release64|x64.ActiveCfg = Release|Win32
	EndGlobalSection
	GlobalSection(SolutionProperties) = preSolution
		HideSolutionNode = FALSE
	EndGlobalSection
	GlobalSection(ExtensibilityGlobals) = postSolution
		SolutionGuid = {2A6227A0-B32F-42ED-A8AB-0248C6BFF294}
	EndGlobalSection
EndGlobal
