# This file is automatically @generated by Poetry 1.6.1 and should not be changed by hand.

[[package]]
name = "altgraph"
version = "0.17.4"
description = "Python graph (network) package"
optional = false
python-versions = "*"
files = [
    {file = "altgraph-0.17.4-py2.py3-none-any.whl", hash = "sha256:642743b4750de17e655e6711601b077bc6598dbfa3ba5fa2b2a35ce12b508dff"},
    {file = "altgraph-0.17.4.tar.gz", hash = "sha256:1b5afbb98f6c4dcadb2e2ae6ab9fa994bbb8c1d75f4fa96d340f9437ae454406"},
]

[[package]]
name = "autopep8"
version = "2.0.4"
description = "A tool that automatically formats Python code to conform to the PEP 8 style guide"
optional = false
python-versions = ">=3.6"
files = [
    {file = "autopep8-2.0.4-py2.py3-none-any.whl", hash = "sha256:067959ca4a07b24dbd5345efa8325f5f58da4298dab0dde0443d5ed765de80cb"},
    {file = "autopep8-2.0.4.tar.gz", hash = "sha256:2913064abd97b3419d1cc83ea71f042cb821f87e45b9c88cad5ad3c4ea87fe0c"},
]

[package.dependencies]
pycodestyle = ">=2.10.0"

[[package]]
name = "cython"
version = "3.0.5"
description = "The Cython compiler for writing C extensions in the Python language."
optional = false
python-versions = ">=2.7, !=3.0.*, !=3.1.*, !=3.2.*, !=3.3.*"
files = [
    {file = "Cython-3.0.5-cp310-cp310-macosx_10_9_x86_64.whl", hash = "sha256:4faf17ea6e8fc3065a862d4b24be84048fd58ed7abe59aa2f9141446a7a72335"},
    {file = "Cython-3.0.5-cp310-cp310-manylinux_2_17_aarch64.manylinux2014_aarch64.whl", hash = "sha256:a1cab30c11880f38a27911b569ea38b0bd67fcf32f8a8a8519b613c70562dae2"},
    {file = "Cython-3.0.5-cp310-cp310-manylinux_2_17_x86_64.manylinux2014_x86_64.whl", hash = "sha256:2c4d4d92182002b2878adb3329de1ccb7f3f7571d3586f92602e790bfeab45d0"},
    {file = "Cython-3.0.5-cp310-cp310-manylinux_2_5_i686.manylinux1_i686.manylinux_2_17_i686.manylinux2014_i686.whl", hash = "sha256:b94f58e05e69e1a43da551c8f532e9fad057df1641f0f8ae8f103d4ede5a80fe"},
    {file = "Cython-3.0.5-cp310-cp310-musllinux_1_1_aarch64.whl", hash = "sha256:a90f9c7b6635967eacafebe439d518b7dc720aaaf19cb9553f5aad03c13296f4"},
    {file = "Cython-3.0.5-cp310-cp310-musllinux_1_1_x86_64.whl", hash = "sha256:c95bd21d87b08c88fe5296381a5f39cd979a775bf1a1d7379a6ff87c703e510b"},
    {file = "Cython-3.0.5-cp310-cp310-win32.whl", hash = "sha256:ebc901131057c115a8868e14c1df6e56b9190df774b72664c03ebd858296bb81"},
    {file = "Cython-3.0.5-cp310-cp310-win_amd64.whl", hash = "sha256:0759868b4a4d103578375e031e89abd578c26774d957ee4f591764ef8003b363"},
    {file = "Cython-3.0.5-cp311-cp311-macosx_10_9_x86_64.whl", hash = "sha256:3679a6693456f5f7ccca9ab2a91408e99ee257e145024fe380da7c78a07e98b6"},
    {file = "Cython-3.0.5-cp311-cp311-manylinux_2_17_aarch64.manylinux2014_aarch64.whl", hash = "sha256:2ad4eb2608661d63fb57c674dafb9955f5141d748d4579c7722c1a3c6b86a0c2"},
    {file = "Cython-3.0.5-cp311-cp311-manylinux_2_17_x86_64.manylinux2014_x86_64.whl", hash = "sha256:b37f4b0d983316242b4b9241ecbbe55220aa92af93ff04626441fe0ea90a54f9"},
    {file = "Cython-3.0.5-cp311-cp311-manylinux_2_5_i686.manylinux1_i686.manylinux_2_17_i686.manylinux2014_i686.whl", hash = "sha256:34059c3ea6e342ba388cd9774a61761bb4200ca18bd475de65c9cc70ef4e0204"},
    {file = "Cython-3.0.5-cp311-cp311-musllinux_1_1_aarch64.whl", hash = "sha256:4db9eea298e982aee7ba12b3432c66eb2e91bb2f5d026bbd57c35698ea0f557f"},
    {file = "Cython-3.0.5-cp311-cp311-musllinux_1_1_x86_64.whl", hash = "sha256:452679284c15a7d5a88bff675e1dd660349360f0665aea50be2d98b7650925f8"},
    {file = "Cython-3.0.5-cp311-cp311-win32.whl", hash = "sha256:2d6bb318ddce8b978c81cf78caf8b3836db84f6235d721952685e87871f506e4"},
    {file = "Cython-3.0.5-cp311-cp311-win_amd64.whl", hash = "sha256:fcfd2255458a5779dbab813550695331d541b24f0ef831ace83f04f9516ddf26"},
    {file = "Cython-3.0.5-cp312-cp312-macosx_10_9_x86_64.whl", hash = "sha256:0d9fcfc09d67218fce114fe9fd97bba4f9d56add0f775c588d8c626ed47f1aef"},
    {file = "Cython-3.0.5-cp312-cp312-manylinux_2_17_aarch64.manylinux2014_aarch64.whl", hash = "sha256:6ac1cf1f2ed01656b33618352f7e42bf75d027425b83cc96cfe13ce4b6cba5de"},
    {file = "Cython-3.0.5-cp312-cp312-manylinux_2_17_x86_64.manylinux2014_x86_64.whl", hash = "sha256:d9d17a6ceb301c5dbd3820e62c1b10a4ad3a6eea3e07e7afaf736b5f490c2e32"},
    {file = "Cython-3.0.5-cp312-cp312-manylinux_2_5_i686.manylinux1_i686.manylinux_2_17_i686.manylinux2014_i686.whl", hash = "sha256:dd9cab3b862bec2b110886aedb11765e9deda363c4c7ab5ea205f3d8f143c411"},
    {file = "Cython-3.0.5-cp312-cp312-musllinux_1_1_aarch64.whl", hash = "sha256:45277bb54c35b11bcdd6cf0f56eb950eb280b67146db0cb57853fb6334c6d11d"},
    {file = "Cython-3.0.5-cp312-cp312-musllinux_1_1_x86_64.whl", hash = "sha256:77f4d001fb7a03a68b53be20571acd17452d1dda7907d9c325dff0cc704b1ef9"},
    {file = "Cython-3.0.5-cp312-cp312-win32.whl", hash = "sha256:57b44f789794d74c1feddae054dd045b9f601bdffd7288e069b4ca7ed607ec61"},
    {file = "Cython-3.0.5-cp312-cp312-win_amd64.whl", hash = "sha256:05c4efd36879ff8020af00407e4c14246b894558ea41dc6486f60dd71601fc67"},
    {file = "Cython-3.0.5-cp36-cp36m-macosx_10_9_x86_64.whl", hash = "sha256:048fe89c2c753c24e1a7a05496907173dab17e238c8dc3c7cad90b3679b0d846"},
    {file = "Cython-3.0.5-cp36-cp36m-manylinux_2_17_aarch64.manylinux2014_aarch64.whl", hash = "sha256:9c016b3e859b41cf4ce1b8107f364ad5a83c086f75ea4d8d3990b24691f626a1"},
    {file = "Cython-3.0.5-cp36-cp36m-manylinux_2_17_x86_64.manylinux2014_x86_64.whl", hash = "sha256:0f31d02b831d0fa9bf099b1b714b5a8252eabd8db34b7d33c48e7e808a2dabf9"},
    {file = "Cython-3.0.5-cp36-cp36m-manylinux_2_5_i686.manylinux1_i686.manylinux_2_17_i686.manylinux2014_i686.whl", hash = "sha256:485f8a3087392e2287e2869adc0385b439f69b9cfbd262fdf39b00417690c988"},
    {file = "Cython-3.0.5-cp36-cp36m-musllinux_1_1_aarch64.whl", hash = "sha256:063220a6dc0909b576ef068c7e2acf5c608d64423a6d231aacb72d06352cd95b"},
    {file = "Cython-3.0.5-cp36-cp36m-musllinux_1_1_x86_64.whl", hash = "sha256:abb2362783521bd9a22fe69b2141abab4db97237665a36a034b161ddee5b3e72"},
    {file = "Cython-3.0.5-cp36-cp36m-win32.whl", hash = "sha256:a993002fe28c840dc29805fde7341c775b7878b311b85f21560fdebf220c247b"},
    {file = "Cython-3.0.5-cp36-cp36m-win_amd64.whl", hash = "sha256:13491f1bfcf020fd02751c4a55294aa8957e21b7ecd2542b0521a7aa50c58bb2"},
    {file = "Cython-3.0.5-cp37-cp37m-macosx_10_9_x86_64.whl", hash = "sha256:45aaceb082ad89365f2f783a40db42359591ad55914fb298841196edf88afdc5"},
    {file = "Cython-3.0.5-cp37-cp37m-manylinux_2_17_aarch64.manylinux2014_aarch64.whl", hash = "sha256:e3e011fa2ae9e953fe1ab8394329a21bdb54357c7fe509bcfb02b88bc15bffbb"},
    {file = "Cython-3.0.5-cp37-cp37m-manylinux_2_17_x86_64.manylinux2014_x86_64.whl", hash = "sha256:f18c13d5ed6fde5efd3b1c039f6a34296d1a0409bb00fbf45bec6f9bcf63ddf5"},
    {file = "Cython-3.0.5-cp37-cp37m-manylinux_2_5_i686.manylinux1_i686.manylinux_2_17_i686.manylinux2014_i686.whl", hash = "sha256:039877e57dc10abf0d30d2de2c7476f0881d8ecef1f29bdeed1a6a06a8d89141"},
    {file = "Cython-3.0.5-cp37-cp37m-musllinux_1_1_aarch64.whl", hash = "sha256:4fbc8f62b8d50f9a2eef99927a9dcb8d0a42e5a801ab14c2e4aeab622c88f54b"},
    {file = "Cython-3.0.5-cp37-cp37m-musllinux_1_1_x86_64.whl", hash = "sha256:3cffbba1888f795de2103e6fb1482c8ea8d457e638fa813e090fe747f9e549bb"},
    {file = "Cython-3.0.5-cp37-cp37m-win32.whl", hash = "sha256:c18e125537a96e76c8c34201e5a9aad8625e3d872dd26a63155573462e54e185"},
    {file = "Cython-3.0.5-cp37-cp37m-win_amd64.whl", hash = "sha256:93502f45948ae8d7f874ba4c113b50cb6fb4ee664caa82e1ddc398500ee0ffb3"},
    {file = "Cython-3.0.5-cp38-cp38-macosx_10_9_x86_64.whl", hash = "sha256:0a9206b0720f0cad3e70c018722f6d10e81b32e65477e14ffedd3fbfadfaddca"},
    {file = "Cython-3.0.5-cp38-cp38-manylinux_2_17_aarch64.manylinux2014_aarch64.whl", hash = "sha256:530a474a79fa6c2127bb7e3ba00857b1f26a563615863f17b7434331aa3fe404"},
    {file = "Cython-3.0.5-cp38-cp38-manylinux_2_17_x86_64.manylinux2014_x86_64.whl", hash = "sha256:115e76fbe9288119526b66963f614042222d1587f1ba5ddb90088215a3d2a25a"},
    {file = "Cython-3.0.5-cp38-cp38-manylinux_2_5_i686.manylinux1_i686.manylinux_2_17_i686.manylinux2014_i686.whl", hash = "sha256:035cb6930a8534f865a3f4616543f78bd27e4de9c3e117b2826e395085ffc4c0"},
    {file = "Cython-3.0.5-cp38-cp38-musllinux_1_1_aarch64.whl", hash = "sha256:077d9a61e6042174dabf68b8e92c0a80f5aff529439ed314aa6e6a233af80b95"},
    {file = "Cython-3.0.5-cp38-cp38-musllinux_1_1_x86_64.whl", hash = "sha256:ba3f7b433c1721a43674c0889d5fad746bf608416c8f849343859e6d4d3a7113"},
    {file = "Cython-3.0.5-cp38-cp38-win32.whl", hash = "sha256:a95ed0e6f481462a3ff2be4c2e4ffffc5d00fc3884d4ccd1fe5b702d4938ec09"},
    {file = "Cython-3.0.5-cp38-cp38-win_amd64.whl", hash = "sha256:f687539ead9fbc17f499e33ee20c1dc41598f70ad95edb4990c576447cec9d23"},
    {file = "Cython-3.0.5-cp39-cp39-macosx_10_9_x86_64.whl", hash = "sha256:f6fcfef825edb44cf3c6ba2c091ad76a83da62ac9c79553e80e0c2a1f75eda2e"},
    {file = "Cython-3.0.5-cp39-cp39-manylinux_2_17_aarch64.manylinux2014_aarch64.whl", hash = "sha256:d0d9431101f600d5a557d55989658cbfd02b7c0dcd1e4675dac8ad7e0da8ea5b"},
    {file = "Cython-3.0.5-cp39-cp39-manylinux_2_17_x86_64.manylinux2014_x86_64.whl", hash = "sha256:db21997270e943aee9cb7694112d24a4702fbe1977fbe53b3cb4db3d02be73d9"},
    {file = "Cython-3.0.5-cp39-cp39-manylinux_2_5_i686.manylinux1_i686.manylinux_2_17_i686.manylinux2014_i686.whl", hash = "sha256:808f56d4cd0511723b787c341f3cc995fd72893e608102268298c188f4a4f2e7"},
    {file = "Cython-3.0.5-cp39-cp39-musllinux_1_1_aarch64.whl", hash = "sha256:dee39967168d6326ea2df56ad215a4d5049aa52f44cd5aad45bfb63d5b4fb9e5"},
    {file = "Cython-3.0.5-cp39-cp39-musllinux_1_1_x86_64.whl", hash = "sha256:b77f2b45535bcf3741592fa03183558bd42198b872c1584b896fa0ba5f2ac68d"},
    {file = "Cython-3.0.5-cp39-cp39-win32.whl", hash = "sha256:5742ef31e1e2c9a4824ef6b05af0f4949047a6f73af1d4b238ce12935174aede"},
    {file = "Cython-3.0.5-cp39-cp39-win_amd64.whl", hash = "sha256:ada4852db0e33dbdd1425322db081d22b9725cb9f5eba42885467b4e2c4f2ac0"},
    {file = "Cython-3.0.5-py2.py3-none-any.whl", hash = "sha256:75206369504fc442c10a86ecf57b91592dca744e4592af22a47e9a774d53dd10"},
    {file = "Cython-3.0.5.tar.gz", hash = "sha256:39318348db488a2f24e7c84e08bdc82f2624853c0fea8b475ea0b70b27176492"},
]

[[package]]
name = "macholib"
version = "1.16.3"
description = "Mach-O header analysis and editing"
optional = false
python-versions = "*"
files = [
    {file = "macholib-1.16.3-py2.py3-none-any.whl", hash = "sha256:0e315d7583d38b8c77e815b1ecbdbf504a8258d8b3e17b61165c6feb60d18f2c"},
    {file = "macholib-1.16.3.tar.gz", hash = "sha256:07ae9e15e8e4cd9a788013d81f5908b3609aa76f9b1421bae9c4d7606ec86a30"},
]

[package.dependencies]
altgraph = ">=0.17"

[[package]]
name = "mido"
version = "1.3.0"
description = "MIDI Objects for Python"
optional = false
python-versions = "~=3.7"
files = [
    {file = "mido-1.3.0-py3-none-any.whl", hash = "sha256:a710a274c8a1a3fd481f526d174a16e117b5e58d719ad92937a67fb6167a9432"},
    {file = "mido-1.3.0.tar.gz", hash = "sha256:84282e3ace34bca3f984220db2dbcb98245cfeafb854260c02e000750dca86aa"},
]

[package.dependencies]
packaging = ">=23.1,<24.0"

[package.extras]
build-docs = ["sphinx (>=4.3.2,<4.4.0)", "sphinx-rtd-theme (>=1.2.2,<1.3.0)"]
check-manifest = ["check-manifest (>=0.49)"]
dev = ["mido[build-docs]", "mido[check-manifest]", "mido[lint-code]", "mido[lint-reuse]", "mido[release]", "mido[test]"]
lint-code = ["flake8 (>=5.0.4,<5.1.0)"]
lint-reuse = ["reuse (>=1.1.2,<1.2.0)"]
ports-all = ["mido[ports-pygame]", "mido[ports-rtmidi-python]", "mido[ports-rtmidi]"]
ports-pygame = ["PyGame (>=2.5,<3.0)"]
ports-rtmidi = ["python-rtmidi (>=1.5.4,<1.6.0)"]
ports-rtmidi-python = ["rtmidi-python (>=0.2.2,<0.3.0)"]
release = ["twine (>=4.0.2,<4.1.0)"]
test-code = ["pytest (>=7.4.0,<7.5.0)"]

[[package]]
name = "numpy"
version = "1.26.1"
description = "Fundamental package for array computing in Python"
optional = false
python-versions = "<3.13,>=3.9"
files = [
    {file = "numpy-1.26.1-cp310-cp310-macosx_10_9_x86_64.whl", hash = "sha256:82e871307a6331b5f09efda3c22e03c095d957f04bf6bc1804f30048d0e5e7af"},
    {file = "numpy-1.26.1-cp310-cp310-macosx_11_0_arm64.whl", hash = "sha256:cdd9ec98f0063d93baeb01aad472a1a0840dee302842a2746a7a8e92968f9575"},
    {file = "numpy-1.26.1-cp310-cp310-manylinux_2_17_aarch64.manylinux2014_aarch64.whl", hash = "sha256:d78f269e0c4fd365fc2992c00353e4530d274ba68f15e968d8bc3c69ce5f5244"},
    {file = "numpy-1.26.1-cp310-cp310-manylinux_2_17_x86_64.manylinux2014_x86_64.whl", hash = "sha256:8ab9163ca8aeb7fd32fe93866490654d2f7dda4e61bc6297bf72ce07fdc02f67"},
    {file = "numpy-1.26.1-cp310-cp310-musllinux_1_1_x86_64.whl", hash = "sha256:78ca54b2f9daffa5f323f34cdf21e1d9779a54073f0018a3094ab907938331a2"},
    {file = "numpy-1.26.1-cp310-cp310-win32.whl", hash = "sha256:d1cfc92db6af1fd37a7bb58e55c8383b4aa1ba23d012bdbba26b4bcca45ac297"},
    {file = "numpy-1.26.1-cp310-cp310-win_amd64.whl", hash = "sha256:d2984cb6caaf05294b8466966627e80bf6c7afd273279077679cb010acb0e5ab"},
    {file = "numpy-1.26.1-cp311-cp311-macosx_10_9_x86_64.whl", hash = "sha256:cd7837b2b734ca72959a1caf3309457a318c934abef7a43a14bb984e574bbb9a"},
    {file = "numpy-1.26.1-cp311-cp311-macosx_11_0_arm64.whl", hash = "sha256:1c59c046c31a43310ad0199d6299e59f57a289e22f0f36951ced1c9eac3665b9"},
    {file = "numpy-1.26.1-cp311-cp311-manylinux_2_17_aarch64.manylinux2014_aarch64.whl", hash = "sha256:d58e8c51a7cf43090d124d5073bc29ab2755822181fcad978b12e144e5e5a4b3"},
    {file = "numpy-1.26.1-cp311-cp311-manylinux_2_17_x86_64.manylinux2014_x86_64.whl", hash = "sha256:6081aed64714a18c72b168a9276095ef9155dd7888b9e74b5987808f0dd0a974"},
    {file = "numpy-1.26.1-cp311-cp311-musllinux_1_1_x86_64.whl", hash = "sha256:97e5d6a9f0702c2863aaabf19f0d1b6c2628fbe476438ce0b5ce06e83085064c"},
    {file = "numpy-1.26.1-cp311-cp311-win32.whl", hash = "sha256:b9d45d1dbb9de84894cc50efece5b09939752a2d75aab3a8b0cef6f3a35ecd6b"},
    {file = "numpy-1.26.1-cp311-cp311-win_amd64.whl", hash = "sha256:3649d566e2fc067597125428db15d60eb42a4e0897fc48d28cb75dc2e0454e53"},
    {file = "numpy-1.26.1-cp312-cp312-macosx_10_9_x86_64.whl", hash = "sha256:1d1bd82d539607951cac963388534da3b7ea0e18b149a53cf883d8f699178c0f"},
    {file = "numpy-1.26.1-cp312-cp312-macosx_11_0_arm64.whl", hash = "sha256:afd5ced4e5a96dac6725daeb5242a35494243f2239244fad10a90ce58b071d24"},
    {file = "numpy-1.26.1-cp312-cp312-manylinux_2_17_aarch64.manylinux2014_aarch64.whl", hash = "sha256:a03fb25610ef560a6201ff06df4f8105292ba56e7cdd196ea350d123fc32e24e"},
    {file = "numpy-1.26.1-cp312-cp312-manylinux_2_17_x86_64.manylinux2014_x86_64.whl", hash = "sha256:dcfaf015b79d1f9f9c9fd0731a907407dc3e45769262d657d754c3a028586124"},
    {file = "numpy-1.26.1-cp312-cp312-musllinux_1_1_x86_64.whl", hash = "sha256:e509cbc488c735b43b5ffea175235cec24bbc57b227ef1acc691725beb230d1c"},
    {file = "numpy-1.26.1-cp312-cp312-win32.whl", hash = "sha256:af22f3d8e228d84d1c0c44c1fbdeb80f97a15a0abe4f080960393a00db733b66"},
    {file = "numpy-1.26.1-cp312-cp312-win_amd64.whl", hash = "sha256:9f42284ebf91bdf32fafac29d29d4c07e5e9d1af862ea73686581773ef9e73a7"},
    {file = "numpy-1.26.1-cp39-cp39-macosx_10_9_x86_64.whl", hash = "sha256:bb894accfd16b867d8643fc2ba6c8617c78ba2828051e9a69511644ce86ce83e"},
    {file = "numpy-1.26.1-cp39-cp39-macosx_11_0_arm64.whl", hash = "sha256:e44ccb93f30c75dfc0c3aa3ce38f33486a75ec9abadabd4e59f114994a9c4617"},
    {file = "numpy-1.26.1-cp39-cp39-manylinux_2_17_aarch64.manylinux2014_aarch64.whl", hash = "sha256:9696aa2e35cc41e398a6d42d147cf326f8f9d81befcb399bc1ed7ffea339b64e"},
    {file = "numpy-1.26.1-cp39-cp39-manylinux_2_17_x86_64.manylinux2014_x86_64.whl", hash = "sha256:a5b411040beead47a228bde3b2241100454a6abde9df139ed087bd73fc0a4908"},
    {file = "numpy-1.26.1-cp39-cp39-musllinux_1_1_x86_64.whl", hash = "sha256:1e11668d6f756ca5ef534b5be8653d16c5352cbb210a5c2a79ff288e937010d5"},
    {file = "numpy-1.26.1-cp39-cp39-win32.whl", hash = "sha256:d1d2c6b7dd618c41e202c59c1413ef9b2c8e8a15f5039e344af64195459e3104"},
    {file = "numpy-1.26.1-cp39-cp39-win_amd64.whl", hash = "sha256:59227c981d43425ca5e5c01094d59eb14e8772ce6975d4b2fc1e106a833d5ae2"},
    {file = "numpy-1.26.1-pp39-pypy39_pp73-macosx_10_9_x86_64.whl", hash = "sha256:06934e1a22c54636a059215d6da99e23286424f316fddd979f5071093b648668"},
    {file = "numpy-1.26.1-pp39-pypy39_pp73-manylinux_2_17_x86_64.manylinux2014_x86_64.whl", hash = "sha256:76ff661a867d9272cd2a99eed002470f46dbe0943a5ffd140f49be84f68ffc42"},
    {file = "numpy-1.26.1-pp39-pypy39_pp73-win_amd64.whl", hash = "sha256:6965888d65d2848e8768824ca8288db0a81263c1efccec881cb35a0d805fcd2f"},
    {file = "numpy-1.26.1.tar.gz", hash = "sha256:c8c6c72d4a9f831f328efb1312642a1cafafaa88981d9ab76368d50d07d93cbe"},
]

[[package]]
name = "opencv-python-headless"
version = "4.8.1.78"
description = "Wrapper package for OpenCV python bindings."
optional = false
python-versions = ">=3.6"
files = [
    {file = "opencv-python-headless-4.8.1.78.tar.gz", hash = "sha256:bc7197b42352f6f865c302a49140b889ec7cd957dd697e2d7fc016ad0d3f28f1"},
    {file = "opencv_python_headless-4.8.1.78-cp37-abi3-macosx_10_16_x86_64.whl", hash = "sha256:f3a33f644249f9ce1c913eac580e4b3ef4ce7cab0a71900274708959c2feb5e3"},
    {file = "opencv_python_headless-4.8.1.78-cp37-abi3-macosx_11_0_arm64.whl", hash = "sha256:2c7d45721df9801c4dcd34683a15caa0e30f38b185263fec04a6eb274bc720f0"},
    {file = "opencv_python_headless-4.8.1.78-cp37-abi3-manylinux_2_17_aarch64.manylinux2014_aarch64.whl", hash = "sha256:3b6bd6e1132b6f5dcb3a5bfe30fc4d341a7bfb26134da349a06c9255288ded94"},
    {file = "opencv_python_headless-4.8.1.78-cp37-abi3-manylinux_2_17_x86_64.manylinux2014_x86_64.whl", hash = "sha256:58e70d2f0915fe23e02c6e405588276c9397844a47d38b9c87fac5f7f9ba2dcc"},
    {file = "opencv_python_headless-4.8.1.78-cp37-abi3-win32.whl", hash = "sha256:382f8c7a6a14f80091284eecedd52cee4812231ee0eff1118592197b538d9252"},
    {file = "opencv_python_headless-4.8.1.78-cp37-abi3-win_amd64.whl", hash = "sha256:0a0f1e9f836f7d5bad1dd164694944c8761711cbdf4b36ebbd4815a8ef731079"},
]

[package.dependencies]
numpy = {version = ">=1.23.5", markers = "python_version >= \"3.11\""}

[[package]]
name = "packaging"
version = "23.2"
description = "Core utilities for Python packages"
optional = false
python-versions = ">=3.7"
files = [
    {file = "packaging-23.2-py3-none-any.whl", hash = "sha256:8c491190033a9af7e1d931d0b5dacc2ef47509b34dd0de67ed209b5203fc88c7"},
    {file = "packaging-23.2.tar.gz", hash = "sha256:048fb0e9405036518eaaf48a55953c750c11e1a1b68e0dd1a9d62ed0c092cfc5"},
]

[[package]]
name = "pefile"
version = "2023.2.7"
description = "Python PE parsing module"
optional = false
python-versions = ">=3.6.0"
files = [
    {file = "pefile-2023.2.7-py3-none-any.whl", hash = "sha256:da185cd2af68c08a6cd4481f7325ed600a88f6a813bad9dea07ab3ef73d8d8d6"},
    {file = "pefile-2023.2.7.tar.gz", hash = "sha256:82e6114004b3d6911c77c3953e3838654b04511b8b66e8583db70c65998017dc"},
]

[[package]]
name = "pillow"
version = "10.1.0"
description = "Python Imaging Library (Fork)"
optional = false
python-versions = ">=3.8"
files = [
    {file = "Pillow-10.1.0-cp310-cp310-macosx_10_10_x86_64.whl", hash = "sha256:1ab05f3db77e98f93964697c8efc49c7954b08dd61cff526b7f2531a22410106"},
    {file = "Pillow-10.1.0-cp310-cp310-macosx_11_0_arm64.whl", hash = "sha256:6932a7652464746fcb484f7fc3618e6503d2066d853f68a4bd97193a3996e273"},
    {file = "Pillow-10.1.0-cp310-cp310-manylinux_2_17_aarch64.manylinux2014_aarch64.whl", hash = "sha256:a5f63b5a68daedc54c7c3464508d8c12075e56dcfbd42f8c1bf40169061ae666"},
    {file = "Pillow-10.1.0-cp310-cp310-manylinux_2_17_x86_64.manylinux2014_x86_64.whl", hash = "sha256:c0949b55eb607898e28eaccb525ab104b2d86542a85c74baf3a6dc24002edec2"},
    {file = "Pillow-10.1.0-cp310-cp310-manylinux_2_28_aarch64.whl", hash = "sha256:ae88931f93214777c7a3aa0a8f92a683f83ecde27f65a45f95f22d289a69e593"},
    {file = "Pillow-10.1.0-cp310-cp310-manylinux_2_28_x86_64.whl", hash = "sha256:b0eb01ca85b2361b09480784a7931fc648ed8b7836f01fb9241141b968feb1db"},
    {file = "Pillow-10.1.0-cp310-cp310-musllinux_1_1_aarch64.whl", hash = "sha256:d27b5997bdd2eb9fb199982bb7eb6164db0426904020dc38c10203187ae2ff2f"},
    {file = "Pillow-10.1.0-cp310-cp310-musllinux_1_1_x86_64.whl", hash = "sha256:7df5608bc38bd37ef585ae9c38c9cd46d7c81498f086915b0f97255ea60c2818"},
    {file = "Pillow-10.1.0-cp310-cp310-win_amd64.whl", hash = "sha256:41f67248d92a5e0a2076d3517d8d4b1e41a97e2df10eb8f93106c89107f38b57"},
    {file = "Pillow-10.1.0-cp311-cp311-macosx_10_10_x86_64.whl", hash = "sha256:1fb29c07478e6c06a46b867e43b0bcdb241b44cc52be9bc25ce5944eed4648e7"},
    {file = "Pillow-10.1.0-cp311-cp311-macosx_11_0_arm64.whl", hash = "sha256:2cdc65a46e74514ce742c2013cd4a2d12e8553e3a2563c64879f7c7e4d28bce7"},
    {file = "Pillow-10.1.0-cp311-cp311-manylinux_2_17_aarch64.manylinux2014_aarch64.whl", hash = "sha256:50d08cd0a2ecd2a8657bd3d82c71efd5a58edb04d9308185d66c3a5a5bed9610"},
    {file = "Pillow-10.1.0-cp311-cp311-manylinux_2_17_x86_64.manylinux2014_x86_64.whl", hash = "sha256:062a1610e3bc258bff2328ec43f34244fcec972ee0717200cb1425214fe5b839"},
    {file = "Pillow-10.1.0-cp311-cp311-manylinux_2_28_aarch64.whl", hash = "sha256:61f1a9d247317fa08a308daaa8ee7b3f760ab1809ca2da14ecc88ae4257d6172"},
    {file = "Pillow-10.1.0-cp311-cp311-manylinux_2_28_x86_64.whl", hash = "sha256:a646e48de237d860c36e0db37ecaecaa3619e6f3e9d5319e527ccbc8151df061"},
    {file = "Pillow-10.1.0-cp311-cp311-musllinux_1_1_aarch64.whl", hash = "sha256:47e5bf85b80abc03be7455c95b6d6e4896a62f6541c1f2ce77a7d2bb832af262"},
    {file = "Pillow-10.1.0-cp311-cp311-musllinux_1_1_x86_64.whl", hash = "sha256:a92386125e9ee90381c3369f57a2a50fa9e6aa8b1cf1d9c4b200d41a7dd8e992"},
    {file = "Pillow-10.1.0-cp311-cp311-win_amd64.whl", hash = "sha256:0f7c276c05a9767e877a0b4c5050c8bee6a6d960d7f0c11ebda6b99746068c2a"},
    {file = "Pillow-10.1.0-cp312-cp312-macosx_10_10_x86_64.whl", hash = "sha256:a89b8312d51715b510a4fe9fc13686283f376cfd5abca8cd1c65e4c76e21081b"},
    {file = "Pillow-10.1.0-cp312-cp312-macosx_11_0_arm64.whl", hash = "sha256:00f438bb841382b15d7deb9a05cc946ee0f2c352653c7aa659e75e592f6fa17d"},
    {file = "Pillow-10.1.0-cp312-cp312-manylinux_2_17_aarch64.manylinux2014_aarch64.whl", hash = "sha256:3d929a19f5469b3f4df33a3df2983db070ebb2088a1e145e18facbc28cae5b27"},
    {file = "Pillow-10.1.0-cp312-cp312-manylinux_2_17_x86_64.manylinux2014_x86_64.whl", hash = "sha256:9a92109192b360634a4489c0c756364c0c3a2992906752165ecb50544c251312"},
    {file = "Pillow-10.1.0-cp312-cp312-manylinux_2_28_aarch64.whl", hash = "sha256:0248f86b3ea061e67817c47ecbe82c23f9dd5d5226200eb9090b3873d3ca32de"},
    {file = "Pillow-10.1.0-cp312-cp312-manylinux_2_28_x86_64.whl", hash = "sha256:9882a7451c680c12f232a422730f986a1fcd808da0fd428f08b671237237d651"},
    {file = "Pillow-10.1.0-cp312-cp312-musllinux_1_1_aarch64.whl", hash = "sha256:1c3ac5423c8c1da5928aa12c6e258921956757d976405e9467c5f39d1d577a4b"},
    {file = "Pillow-10.1.0-cp312-cp312-musllinux_1_1_x86_64.whl", hash = "sha256:806abdd8249ba3953c33742506fe414880bad78ac25cc9a9b1c6ae97bedd573f"},
    {file = "Pillow-10.1.0-cp312-cp312-win_amd64.whl", hash = "sha256:eaed6977fa73408b7b8a24e8b14e59e1668cfc0f4c40193ea7ced8e210adf996"},
    {file = "Pillow-10.1.0-cp38-cp38-macosx_10_10_x86_64.whl", hash = "sha256:fe1e26e1ffc38be097f0ba1d0d07fcade2bcfd1d023cda5b29935ae8052bd793"},
    {file = "Pillow-10.1.0-cp38-cp38-macosx_11_0_arm64.whl", hash = "sha256:7a7e3daa202beb61821c06d2517428e8e7c1aab08943e92ec9e5755c2fc9ba5e"},
    {file = "Pillow-10.1.0-cp38-cp38-manylinux_2_17_aarch64.manylinux2014_aarch64.whl", hash = "sha256:24fadc71218ad2b8ffe437b54876c9382b4a29e030a05a9879f615091f42ffc2"},
    {file = "Pillow-10.1.0-cp38-cp38-manylinux_2_17_x86_64.manylinux2014_x86_64.whl", hash = "sha256:fa1d323703cfdac2036af05191b969b910d8f115cf53093125e4058f62012c9a"},
    {file = "Pillow-10.1.0-cp38-cp38-manylinux_2_28_aarch64.whl", hash = "sha256:912e3812a1dbbc834da2b32299b124b5ddcb664ed354916fd1ed6f193f0e2d01"},
    {file = "Pillow-10.1.0-cp38-cp38-manylinux_2_28_x86_64.whl", hash = "sha256:7dbaa3c7de82ef37e7708521be41db5565004258ca76945ad74a8e998c30af8d"},
    {file = "Pillow-10.1.0-cp38-cp38-musllinux_1_1_aarch64.whl", hash = "sha256:9d7bc666bd8c5a4225e7ac71f2f9d12466ec555e89092728ea0f5c0c2422ea80"},
    {file = "Pillow-10.1.0-cp38-cp38-musllinux_1_1_x86_64.whl", hash = "sha256:baada14941c83079bf84c037e2d8b7506ce201e92e3d2fa0d1303507a8538212"},
    {file = "Pillow-10.1.0-cp38-cp38-win_amd64.whl", hash = "sha256:2ef6721c97894a7aa77723740a09547197533146fba8355e86d6d9a4a1056b14"},
    {file = "Pillow-10.1.0-cp39-cp39-macosx_10_10_x86_64.whl", hash = "sha256:0a026c188be3b443916179f5d04548092e253beb0c3e2ee0a4e2cdad72f66099"},
    {file = "Pillow-10.1.0-cp39-cp39-macosx_11_0_arm64.whl", hash = "sha256:04f6f6149f266a100374ca3cc368b67fb27c4af9f1cc8cb6306d849dcdf12616"},
    {file = "Pillow-10.1.0-cp39-cp39-manylinux_2_17_aarch64.manylinux2014_aarch64.whl", hash = "sha256:bb40c011447712d2e19cc261c82655f75f32cb724788df315ed992a4d65696bb"},
    {file = "Pillow-10.1.0-cp39-cp39-manylinux_2_17_x86_64.manylinux2014_x86_64.whl", hash = "sha256:1a8413794b4ad9719346cd9306118450b7b00d9a15846451549314a58ac42219"},
    {file = "Pillow-10.1.0-cp39-cp39-manylinux_2_28_aarch64.whl", hash = "sha256:c9aeea7b63edb7884b031a35305629a7593272b54f429a9869a4f63a1bf04c34"},
    {file = "Pillow-10.1.0-cp39-cp39-manylinux_2_28_x86_64.whl", hash = "sha256:b4005fee46ed9be0b8fb42be0c20e79411533d1fd58edabebc0dd24626882cfd"},
    {file = "Pillow-10.1.0-cp39-cp39-musllinux_1_1_aarch64.whl", hash = "sha256:4d0152565c6aa6ebbfb1e5d8624140a440f2b99bf7afaafbdbf6430426497f28"},
    {file = "Pillow-10.1.0-cp39-cp39-musllinux_1_1_x86_64.whl", hash = "sha256:d921bc90b1defa55c9917ca6b6b71430e4286fc9e44c55ead78ca1a9f9eba5f2"},
    {file = "Pillow-10.1.0-cp39-cp39-win_amd64.whl", hash = "sha256:cfe96560c6ce2f4c07d6647af2d0f3c54cc33289894ebd88cfbb3bcd5391e256"},
    {file = "Pillow-10.1.0-pp310-pypy310_pp73-macosx_10_10_x86_64.whl", hash = "sha256:937bdc5a7f5343d1c97dc98149a0be7eb9704e937fe3dc7140e229ae4fc572a7"},
    {file = "Pillow-10.1.0-pp310-pypy310_pp73-manylinux_2_17_x86_64.manylinux2014_x86_64.whl", hash = "sha256:b1c25762197144e211efb5f4e8ad656f36c8d214d390585d1d21281f46d556ba"},
    {file = "Pillow-10.1.0-pp310-pypy310_pp73-manylinux_2_28_x86_64.whl", hash = "sha256:afc8eef765d948543a4775f00b7b8c079b3321d6b675dde0d02afa2ee23000b4"},
    {file = "Pillow-10.1.0-pp310-pypy310_pp73-win_amd64.whl", hash = "sha256:883f216eac8712b83a63f41b76ddfb7b2afab1b74abbb413c5df6680f071a6b9"},
    {file = "Pillow-10.1.0-pp39-pypy39_pp73-macosx_10_10_x86_64.whl", hash = "sha256:b920e4d028f6442bea9a75b7491c063f0b9a3972520731ed26c83e254302eb1e"},
    {file = "Pillow-10.1.0-pp39-pypy39_pp73-manylinux_2_17_x86_64.manylinux2014_x86_64.whl", hash = "sha256:1c41d960babf951e01a49c9746f92c5a7e0d939d1652d7ba30f6b3090f27e412"},
    {file = "Pillow-10.1.0-pp39-pypy39_pp73-manylinux_2_28_x86_64.whl", hash = "sha256:1fafabe50a6977ac70dfe829b2d5735fd54e190ab55259ec8aea4aaea412fa0b"},
    {file = "Pillow-10.1.0-pp39-pypy39_pp73-win_amd64.whl", hash = "sha256:3b834f4b16173e5b92ab6566f0473bfb09f939ba14b23b8da1f54fa63e4b623f"},
    {file = "Pillow-10.1.0.tar.gz", hash = "sha256:e6bf8de6c36ed96c86ea3b6e1d5273c53f46ef518a062464cd7ef5dd2cf92e38"},
]

[package.extras]
docs = ["furo", "olefile", "sphinx (>=2.4)", "sphinx-copybutton", "sphinx-inline-tabs", "sphinx-removed-in", "sphinxext-opengraph"]
tests = ["check-manifest", "coverage", "defusedxml", "markdown2", "olefile", "packaging", "pyroma", "pytest", "pytest-cov", "pytest-timeout"]

[[package]]
name = "pip-licenses"
version = "4.3.3"
description = "Dump the software license list of Python packages installed with pip."
optional = false
python-versions = "~=3.8"
files = [
    {file = "pip-licenses-4.3.3.tar.gz", hash = "sha256:d14447094135eb5e43e4d9e1e3bcdb17a05751a9199df2d07f043a542c241c7a"},
    {file = "pip_licenses-4.3.3-py3-none-any.whl", hash = "sha256:1b697cace3149d7d380307bb1f1e0505f0db98f25fada64d32b7e6240f37f72c"},
]

[package.dependencies]
prettytable = ">=2.3.0"

[package.extras]
test = ["docutils", "mypy", "pytest-cov", "pytest-pycodestyle", "pytest-runner"]

[[package]]
name = "prettytable"
version = "3.9.0"
description = "A simple Python library for easily displaying tabular data in a visually appealing ASCII table format"
optional = false
python-versions = ">=3.8"
files = [
    {file = "prettytable-3.9.0-py3-none-any.whl", hash = "sha256:a71292ab7769a5de274b146b276ce938786f56c31cf7cea88b6f3775d82fe8c8"},
    {file = "prettytable-3.9.0.tar.gz", hash = "sha256:f4ed94803c23073a90620b201965e5dc0bccf1760b7a7eaf3158cab8aaffdf34"},
]

[package.dependencies]
wcwidth = "*"

[package.extras]
tests = ["pytest", "pytest-cov", "pytest-lazy-fixture"]

[[package]]
name = "pycodestyle"
version = "2.11.1"
description = "Python style guide checker"
optional = false
python-versions = ">=3.8"
files = [
    {file = "pycodestyle-2.11.1-py2.py3-none-any.whl", hash = "sha256:44fe31000b2d866f2e41841b18528a505fbd7fef9017b04eff4e2648a0fadc67"},
    {file = "pycodestyle-2.11.1.tar.gz", hash = "sha256:41ba0e7afc9752dfb53ced5489e89f8186be00e599e712660695b7a75ff2663f"},
]

[[package]]
name = "pyinstaller"
version = "6.1.0"
description = "PyInstaller bundles a Python application and all its dependencies into a single package."
optional = false
python-versions = "<3.13,>=3.8"
files = [
    {file = "pyinstaller-6.1.0-py3-none-macosx_10_13_universal2.whl", hash = "sha256:da78942d31c1911ea4abcd3ca3bd0c062af7f163a5e227fd18a359b61deda4ca"},
    {file = "pyinstaller-6.1.0-py3-none-manylinux2014_aarch64.whl", hash = "sha256:f63d2353537bac7bfeeaedbe5ac99f3be35daa290dd1ad1be90768acbf77e3d5"},
    {file = "pyinstaller-6.1.0-py3-none-manylinux2014_i686.whl", hash = "sha256:6e71d9f6f5a1e0f7523e8ebee1b76bb29538f64d863e3711c2b21033f499e2b9"},
    {file = "pyinstaller-6.1.0-py3-none-manylinux2014_ppc64le.whl", hash = "sha256:bebf6f442bbe6343acaec873803510ee1930d026846a018f727da4e0690081f8"},
    {file = "pyinstaller-6.1.0-py3-none-manylinux2014_s390x.whl", hash = "sha256:3c04963637481a3edf1eec64ab4c3fce098908f02fc472c11e73be7eedc08b95"},
    {file = "pyinstaller-6.1.0-py3-none-manylinux2014_x86_64.whl", hash = "sha256:4368e4eb9999ce32e3280330b3c26f175e0fa7fa13efb4d2dc4ade488ff6d7c2"},
    {file = "pyinstaller-6.1.0-py3-none-musllinux_1_1_aarch64.whl", hash = "sha256:041ab9311d08162356829bf47293a613c44dc9ace28846fb63098889c7383c5d"},
    {file = "pyinstaller-6.1.0-py3-none-musllinux_1_1_x86_64.whl", hash = "sha256:331f050e8f9e923bb6b50454acfc0547fd52092585c61eb5f2fc93de60703f13"},
    {file = "pyinstaller-6.1.0-py3-none-win32.whl", hash = "sha256:9e8b5bbc1bdf554ade1360e62e4959091430c3cc15ebfff3c28c8894fd1f312a"},
    {file = "pyinstaller-6.1.0-py3-none-win_amd64.whl", hash = "sha256:f9f5bcaef6122d93c54ee7a9ecb07eab5b81a7ebfb5cb99af2b2a6ff49eff62f"},
    {file = "pyinstaller-6.1.0-py3-none-win_arm64.whl", hash = "sha256:dd438afd2abb643f5399c0cb254a11c217c06782cb274a2911dd785f9f67fa9e"},
    {file = "pyinstaller-6.1.0.tar.gz", hash = "sha256:8f3d49c60f3344bf3d4a6d4258bda665dad185ab2b097341d3af2a6387c838ef"},
]

[package.dependencies]
altgraph = "*"
macholib = {version = ">=1.8", markers = "sys_platform == \"darwin\""}
packaging = ">=20.0"
pefile = {version = ">=2022.5.30", markers = "sys_platform == \"win32\""}
pyinstaller-hooks-contrib = ">=2021.4"
pywin32-ctypes = {version = ">=0.2.1", markers = "sys_platform == \"win32\""}
setuptools = ">=42.0.0"

[package.extras]
hook-testing = ["execnet (>=1.5.0)", "psutil", "pytest (>=2.7.3)"]

[[package]]
name = "pyinstaller-hooks-contrib"
version = "2023.10"
description = "Community maintained hooks for PyInstaller"
optional = false
python-versions = ">=3.7"
files = [
    {file = "pyinstaller-hooks-contrib-2023.10.tar.gz", hash = "sha256:4b4a998036abb713774cb26534ca06b7e6e09e4c628196017a10deb11a48747f"},
    {file = "pyinstaller_hooks_contrib-2023.10-py2.py3-none-any.whl", hash = "sha256:6dc1786a8f452941245d5bb85893e2a33632ebdcbc4c23eea41f2ee08281b0c0"},
]

[[package]]
name = "python-rtmidi"
version = "1.5.7"
description = "A Python binding for the RtMidi C++ library implemented using Cython."
optional = false
python-versions = ">=3.8"
files = [
    {file = "python_rtmidi-1.5.7-cp310-cp310-macosx_10_9_x86_64.whl", hash = "sha256:1e3c6c16220aa4eedb5d8040082eb86baf80650e062661adc74995f625fa6f98"},
    {file = "python_rtmidi-1.5.7-cp310-cp310-macosx_11_0_arm64.whl", hash = "sha256:95a4ae0ba3f3f8c805e62b434c3ac705b1b1e0aa356465b9dc057e66d6f08eb9"},
    {file = "python_rtmidi-1.5.7-cp310-cp310-manylinux_2_28_aarch64.whl", hash = "sha256:215e614e6dd90026c9a570082eac910a4d46ebe16bd404592c3622bcdb184276"},
    {file = "python_rtmidi-1.5.7-cp310-cp310-manylinux_2_28_x86_64.whl", hash = "sha256:ac13797a409a7f8abbf9785c0a0c1a2e1a76ea2b44079ec96b8ea1c00f95cccb"},
    {file = "python_rtmidi-1.5.7-cp310-cp310-win_amd64.whl", hash = "sha256:2d699ac161fa96bd90a2a58ea10fd45400b3548b32e4194db18eeebeeb3b78f9"},
    {file = "python_rtmidi-1.5.7-cp311-cp311-macosx_10_9_x86_64.whl", hash = "sha256:ea6b05371aca372987d46f9937b364b78fb73dd6690b5d18db9cf4390614bc60"},
    {file = "python_rtmidi-1.5.7-cp311-cp311-macosx_11_0_arm64.whl", hash = "sha256:7d1d7f072728ab90d8d5df3dce1e5fa52c39b20c341b6149829ae467298e06d8"},
    {file = "python_rtmidi-1.5.7-cp311-cp311-manylinux_2_28_aarch64.whl", hash = "sha256:5ad89b43594b2c28717bfc94bbee5795c5629ec1602337aea53d8ba0b936c202"},
    {file = "python_rtmidi-1.5.7-cp311-cp311-manylinux_2_28_x86_64.whl", hash = "sha256:fc2a0c60f18b0c3a277afda6192d060a29bd8732c35b83a04338cb28461249cb"},
    {file = "python_rtmidi-1.5.7-cp311-cp311-win_amd64.whl", hash = "sha256:bcc8fff03d53db09e852acaf02f144daf5547b4158a17054b7b9c4a7bfab29ab"},
    {file = "python_rtmidi-1.5.7-cp312-cp312-macosx_10_9_x86_64.whl", hash = "sha256:76ab0de81852be46e497c47e4895734e6e7b5d0cae6866873be87cf8ad195d82"},
    {file = "python_rtmidi-1.5.7-cp312-cp312-macosx_11_0_arm64.whl", hash = "sha256:ace3004f5ccecaf7f787bd16d3109feaa594411bd6e043356a2e504d67b07d6a"},
    {file = "python_rtmidi-1.5.7-cp312-cp312-manylinux_2_28_aarch64.whl", hash = "sha256:aeb57104ae94410fab9508b658fc7492785e13ac14714134be956a87238f0a95"},
    {file = "python_rtmidi-1.5.7-cp312-cp312-manylinux_2_28_x86_64.whl", hash = "sha256:6017703f9cc70624dc273f8e0dc57aa71eeaf84d748e333c312ac3c2d954759c"},
    {file = "python_rtmidi-1.5.7-cp312-cp312-win_amd64.whl", hash = "sha256:cb737770b685d4a42accbb4faac6947d762c9c36c3dabd2339138bab7536ec0b"},
    {file = "python_rtmidi-1.5.7-cp38-cp38-macosx_10_9_x86_64.whl", hash = "sha256:3007b2e06d8cabcb3a83e55c6e2937cd72d83320ad15aaedaf6e0a7b7f78dd7c"},
    {file = "python_rtmidi-1.5.7-cp38-cp38-macosx_11_0_arm64.whl", hash = "sha256:37314ec2a79fdcac170ac17fef36b78aa5fa744a84284367a09e7221432c82df"},
    {file = "python_rtmidi-1.5.7-cp38-cp38-manylinux_2_28_aarch64.whl", hash = "sha256:bd2b2105b5a0dca9e1bd5544ce5d3b45c2e9fb978192e83fdcb613a237ca8fa9"},
    {file = "python_rtmidi-1.5.7-cp38-cp38-manylinux_2_28_x86_64.whl", hash = "sha256:c6b4d4966d53a73b4db8e0a470092f794b963b018a5d87ad8019589ba5c89bfc"},
    {file = "python_rtmidi-1.5.7-cp38-cp38-win_amd64.whl", hash = "sha256:2df51d4db447aa631c102f86dae77bb07fa69218b23709d9087c381f542c191b"},
    {file = "python_rtmidi-1.5.7-cp39-cp39-macosx_10_9_x86_64.whl", hash = "sha256:27fa5e02744a67e2e89c2bc35d20c1588ef22d58a3b9cadd5815356b0ded7bb2"},
    {file = "python_rtmidi-1.5.7-cp39-cp39-macosx_11_0_arm64.whl", hash = "sha256:ff8bb43917f6dd76e65eee866c4b415119885da5f79e03de9b8d685286d291c7"},
    {file = "python_rtmidi-1.5.7-cp39-cp39-manylinux_2_28_aarch64.whl", hash = "sha256:24f5f63c2061bca2f3982c7baeda8e2abbc0b9914bf7da1c0042479b20ffba98"},
    {file = "python_rtmidi-1.5.7-cp39-cp39-manylinux_2_28_x86_64.whl", hash = "sha256:09b63a0c0e8c90e678ef3483463da1bd0da291cb075c2ebd1aafa1e4550b76d2"},
    {file = "python_rtmidi-1.5.7-cp39-cp39-win_amd64.whl", hash = "sha256:f7b088be80a64ec75e19f15cfdcd7de723d0bf19be26cfbdd539ba9d482a3098"},
    {file = "python_rtmidi-1.5.7.tar.gz", hash = "sha256:defb1a4b2ae86ff398c232c53eeda554e24a49f67de842e79ceba8b3ca77374d"},
]

[[package]]
name = "pywin32-ctypes"
version = "0.2.2"
description = "A (partial) reimplementation of pywin32 using ctypes/cffi"
optional = false
python-versions = ">=3.6"
files = [
    {file = "pywin32-ctypes-0.2.2.tar.gz", hash = "sha256:3426e063bdd5fd4df74a14fa3cf80a0b42845a87e1d1e81f6549f9daec593a60"},
    {file = "pywin32_ctypes-0.2.2-py3-none-any.whl", hash = "sha256:bf490a1a709baf35d688fe0ecf980ed4de11d2b3e37b51e5442587a75d9957e7"},
]

[[package]]
name = "setuptools"
version = "68.2.2"
description = "Easily download, build, install, upgrade, and uninstall Python packages"
optional = false
python-versions = ">=3.8"
files = [
    {file = "setuptools-68.2.2-py3-none-any.whl", hash = "sha256:b454a35605876da60632df1a60f736524eb73cc47bbc9f3f1ef1b644de74fd2a"},
    {file = "setuptools-68.2.2.tar.gz", hash = "sha256:4ac1475276d2f1c48684874089fefcd83bd7162ddaafb81fac866ba0db282a87"},
]

[package.extras]
docs = ["furo", "jaraco.packaging (>=9.3)", "jaraco.tidelift (>=1.4)", "pygments-github-lexers (==0.0.5)", "rst.linker (>=1.9)", "sphinx (>=3.5)", "sphinx-favicon", "sphinx-hoverxref (<2)", "sphinx-inline-tabs", "sphinx-lint", "sphinx-notfound-page (>=1,<2)", "sphinx-reredirects", "sphinxcontrib-towncrier"]
testing = ["build[virtualenv]", "filelock (>=3.4.0)", "flake8-2020", "ini2toml[lite] (>=0.9)", "jaraco.develop (>=7.21)", "jaraco.envs (>=2.2)", "jaraco.path (>=3.2.0)", "pip (>=19.1)", "pytest (>=6)", "pytest-black (>=0.3.7)", "pytest-checkdocs (>=2.4)", "pytest-cov", "pytest-enabler (>=2.2)", "pytest-mypy (>=0.9.1)", "pytest-perf", "pytest-ruff", "pytest-timeout", "pytest-xdist", "tomli-w (>=1.0.0)", "virtualenv (>=13.0.0)", "wheel"]
testing-integration = ["build[virtualenv] (>=1.0.3)", "filelock (>=3.4.0)", "jaraco.envs (>=2.2)", "jaraco.path (>=3.2.0)", "packaging (>=23.1)", "pytest", "pytest-enabler", "pytest-xdist", "tomli", "virtualenv (>=13.0.0)", "wheel"]

[[package]]
name = "six"
version = "1.16.0"
description = "Python 2 and 3 compatibility utilities"
optional = false
python-versions = ">=2.7, !=3.0.*, !=3.1.*, !=3.2.*"
files = [
    {file = "six-1.16.0-py2.py3-none-any.whl", hash = "sha256:8abb2f1d86890a2dfb989f9a77cfcfd3e47c2a354b01111771326f8aa26e0254"},
    {file = "six-1.16.0.tar.gz", hash = "sha256:1e61c37477a1626458e36f7b1d82aa5c9b094fa4802892072e49de9c60c4c926"},
]

[[package]]
name = "wcwidth"
version = "0.2.9"
description = "Measures the displayed width of unicode strings in a terminal"
optional = false
python-versions = "*"
files = [
    {file = "wcwidth-0.2.9-py2.py3-none-any.whl", hash = "sha256:9a929bd8380f6cd9571a968a9c8f4353ca58d7cd812a4822bba831f8d685b223"},
    {file = "wcwidth-0.2.9.tar.gz", hash = "sha256:a675d1a4a2d24ef67096a04b85b02deeecd8e226f57b5e3a72dbb9ed99d27da8"},
]

[[package]]
name = "wxpython"
version = "4.2.1"
description = "Cross platform GUI toolkit for Python, \"Phoenix\" version"
optional = false
python-versions = "*"
files = [
    {file = "wxPython-4.2.1-cp310-cp310-macosx_10_10_universal2.whl", hash = "sha256:3fd606d10db694c29f712f13dc3d3179d0204a71f6c1fbb5fcee859d03e9ff97"},
    {file = "wxPython-4.2.1-cp310-cp310-win32.whl", hash = "sha256:5b233c39d7bfb53b9c4928ee7c86d626f1f7a716a6dfc3acc152bb437e658751"},
    {file = "wxPython-4.2.1-cp310-cp310-win_amd64.whl", hash = "sha256:bb7988814e706eb00792589d606d317da5661dcffbb09263cd20da956c46bcbb"},
    {file = "wxPython-4.2.1-cp311-cp311-macosx_10_10_universal2.whl", hash = "sha256:e87960d1963e291d4009c8547c85716b7d5325eb828cd183fdb28d441d6c3787"},
    {file = "wxPython-4.2.1-cp311-cp311-win32.whl", hash = "sha256:a41f3e03c3bfbe80864d7456f5c1236991fa937eedb60b986bd67e1bb47b7c3d"},
    {file = "wxPython-4.2.1-cp311-cp311-win_amd64.whl", hash = "sha256:3062b4d2f5d6dcf1d59983797fc067270a5ce829a918d52a516212e798f0c9ae"},
    {file = "wxPython-4.2.1-cp312-cp312-macosx_10_10_universal2.whl", hash = "sha256:957a6e7cc68a8e4d7ca49c72a691b6efd5684040f4f03b112d0122e7ab470497"},
    {file = "wxPython-4.2.1-cp312-cp312-win32.whl", hash = "sha256:8d846a785cd33c31e7eb42038eb159c88977d38208496b8322d14aef107f3eec"},
    {file = "wxPython-4.2.1-cp312-cp312-win_amd64.whl", hash = "sha256:1ca327c877f276b33e2c4b6cb8417964305ee505e2509fb2000851d48b82328f"},
    {file = "wxPython-4.2.1-cp38-cp38-macosx_11_0_universal2.whl", hash = "sha256:a7eefbc7fe7ac86479d814302711f8f118ba214229aa2a6d789fb888ee79abaa"},
    {file = "wxPython-4.2.1-cp38-cp38-win32.whl", hash = "sha256:ff0423e84a5aaa203e7c1c3d36f8417c54cb4cd8849a43b3c917ac3bfafa4ad7"},
    {file = "wxPython-4.2.1-cp38-cp38-win_amd64.whl", hash = "sha256:903f45131107802b38c0b5d0e964a2ce0295b67e8c3d7659821ac5b26a35658b"},
    {file = "wxPython-4.2.1-cp39-cp39-macosx_10_10_universal2.whl", hash = "sha256:a15b76dad81f9bd6ceadf00fbede9aff9e09859a9aa698c53e8bd56b95d2effc"},
    {file = "wxPython-4.2.1-cp39-cp39-win32.whl", hash = "sha256:c4db6d7f054d76cb1532dbd5da81b87b7a90dc9fdf18a3540063b2f8f5f3e663"},
    {file = "wxPython-4.2.1-cp39-cp39-win_amd64.whl", hash = "sha256:0595fdd133a552a232a99759b87891136a4500c806bbea68b888e7b6f2c9bbea"},
    {file = "wxPython-4.2.1.tar.gz", hash = "sha256:e48de211a6606bf072ec3fa778771d6b746c00b7f4b970eb58728ddf56d13d5c"},
]

[package.dependencies]
numpy = {version = "*", markers = "python_version >= \"3.0\" and python_version < \"3.12\""}
pillow = "*"
six = "*"

[metadata]
lock-version = "2.0"
python-versions = "~3.11"
content-hash = "5c0559044443390d95c4f29bcd204376a211d1e1e15ade49baea446b6921d455"
