# This file is automatically @generated by Poetry 1.6.1 and should not be changed by hand.

[[package]]
name = "altgraph"
version = "0.17.4"
description = "Python graph (network) package"
optional = false
python-versions = "*"
files = [
    {file = "altgraph-0.17.4-py2.py3-none-any.whl", hash = "sha256:642743b4750de17e655e6711601b077bc6598dbfa3ba5fa2b2a35ce12b508dff"},
    {file = "altgraph-0.17.4.tar.gz", hash = "sha256:1b5afbb98f6c4dcadb2e2ae6ab9fa994bbb8c1d75f4fa96d340f9437ae454406"},
]

[[package]]
name = "autopep8"
version = "2.0.4"
description = "A tool that automatically formats Python code to conform to the PEP 8 style guide"
optional = false
python-versions = ">=3.6"
files = [
    {file = "autopep8-2.0.4-py2.py3-none-any.whl", hash = "sha256:067959ca4a07b24dbd5345efa8325f5f58da4298dab0dde0443d5ed765de80cb"},
    {file = "autopep8-2.0.4.tar.gz", hash = "sha256:2913064abd97b3419d1cc83ea71f042cb821f87e45b9c88cad5ad3c4ea87fe0c"},
]

[package.dependencies]
pycodestyle = ">=2.10.0"

[[package]]
name = "cython"
version = "3.0.3"
description = "The Cython compiler for writing C extensions in the Python language."
optional = false
python-versions = ">=2.7, !=3.0.*, !=3.1.*, !=3.2.*, !=3.3.*"
files = [
    {file = "Cython-3.0.3-cp310-cp310-macosx_10_9_x86_64.whl", hash = "sha256:85073ab414ff432d2a39d36cb49c39ce69f30b53daccc7699bfad0ce3d1b539a"},
    {file = "Cython-3.0.3-cp310-cp310-manylinux_2_17_aarch64.manylinux2014_aarch64.whl", hash = "sha256:30c1d9bd2bcb9b1a195dd23b359771857df8ebd4a1038fb37dd155d3ea38c09c"},
    {file = "Cython-3.0.3-cp310-cp310-manylinux_2_17_x86_64.manylinux2014_x86_64.whl", hash = "sha256:9296f332523d5c550ebae694483874d255264cff3281372f25ea5f2739b96651"},
    {file = "Cython-3.0.3-cp310-cp310-manylinux_2_5_i686.manylinux1_i686.manylinux_2_17_i686.manylinux2014_i686.whl", hash = "sha256:d52ed47edbf48392dd0f419135e7ff59673f6b32d27d3ffc9e61a515571c050d"},
    {file = "Cython-3.0.3-cp310-cp310-musllinux_1_1_aarch64.whl", hash = "sha256:6f63e959d13775472d37e731b2450d120e8db87e956e2de74475e8f17a89b1fb"},
    {file = "Cython-3.0.3-cp310-cp310-musllinux_1_1_x86_64.whl", hash = "sha256:22d268c3023f405e13aa0c1600389794694ab3671614f8e782d89a1055da0858"},
    {file = "Cython-3.0.3-cp310-cp310-win32.whl", hash = "sha256:51850f277660f67171135515e45edfc8815f723ff20768e39cb9785b2671062f"},
    {file = "Cython-3.0.3-cp310-cp310-win_amd64.whl", hash = "sha256:bff1fec968a6b2ca452ae9bff6d6d0bf8486427d4d791e85543240266b6915e0"},
    {file = "Cython-3.0.3-cp311-cp311-macosx_10_9_x86_64.whl", hash = "sha256:587d664ff6bd5b03611ddc6ef320b7f8677d824c45d15553f16a69191a643843"},
    {file = "Cython-3.0.3-cp311-cp311-manylinux_2_17_aarch64.manylinux2014_aarch64.whl", hash = "sha256:3192cd780435fca5ae5d79006b48cbf0ea674853b5a7b0055a122045bff9d84e"},
    {file = "Cython-3.0.3-cp311-cp311-manylinux_2_17_x86_64.manylinux2014_x86_64.whl", hash = "sha256:f7578b59ffd0d9c95ae6f7ae852309918915998b7fe0ed2f8725a683de8da276"},
    {file = "Cython-3.0.3-cp311-cp311-manylinux_2_5_i686.manylinux1_i686.manylinux_2_17_i686.manylinux2014_i686.whl", hash = "sha256:6f05889eb1b5a95a7adf97303279c2d13819ff62292e10337e6c940dbf570b5d"},
    {file = "Cython-3.0.3-cp311-cp311-musllinux_1_1_aarch64.whl", hash = "sha256:1d3416c24a1b7bf3a2d9615a7f9f12b00fac0b94fb2e61449e0c1ecf20d6ed52"},
    {file = "Cython-3.0.3-cp311-cp311-musllinux_1_1_x86_64.whl", hash = "sha256:4cc0f7244da06fdc6a4a7240df788805436b6fb7f20edee777eb77777d9d2eb1"},
    {file = "Cython-3.0.3-cp311-cp311-win32.whl", hash = "sha256:845e24ee70c204062e03f813114751387abf454b29410336797582e04abbc07b"},
    {file = "Cython-3.0.3-cp311-cp311-win_amd64.whl", hash = "sha256:e3ad109bdf40f55318e001cad12bcc00e8119569b49f72e442c082355617b036"},
    {file = "Cython-3.0.3-cp312-cp312-macosx_10_9_x86_64.whl", hash = "sha256:14b898ec2fdeea68f81bd3838b035800b173b59ed532674f65a82724bab35d3b"},
    {file = "Cython-3.0.3-cp312-cp312-manylinux_2_17_aarch64.manylinux2014_aarch64.whl", hash = "sha256:188705eeae094bb716bc3e3d0da4e13469f0a0de803b65dfd63fe7eb78ec6173"},
    {file = "Cython-3.0.3-cp312-cp312-manylinux_2_17_x86_64.manylinux2014_x86_64.whl", hash = "sha256:9eb128fa40305f18eaa4d8dd0980033b92db86aada927181d3c3d561aa0634db"},
    {file = "Cython-3.0.3-cp312-cp312-manylinux_2_5_i686.manylinux1_i686.manylinux_2_17_i686.manylinux2014_i686.whl", hash = "sha256:80bd3167e689419cdaf7ede0d20a9f126b9698a43b1f8d3e8f54b970c7a6cd07"},
    {file = "Cython-3.0.3-cp312-cp312-musllinux_1_1_aarch64.whl", hash = "sha256:d0c7b315f6feb75e2c949dc7816da5626cdca097fea1c0d9f4fdb20d2f4ffc2a"},
    {file = "Cython-3.0.3-cp312-cp312-musllinux_1_1_x86_64.whl", hash = "sha256:db9d4de4cd6cd3ad1c3f455aae877ad81a92b92b7cbb01dfb32b6306b873932b"},
    {file = "Cython-3.0.3-cp312-cp312-win32.whl", hash = "sha256:be1a679c7ad90813f9206c9d62993f3bd0cba9330668e97bb3f70c87ae94d5f5"},
    {file = "Cython-3.0.3-cp312-cp312-win_amd64.whl", hash = "sha256:fa08259f4d176b86561eeff6954f9924099c0b0c128fc2cbfc18343c068ad8ca"},
    {file = "Cython-3.0.3-cp36-cp36m-macosx_10_9_x86_64.whl", hash = "sha256:056340c49bf7861eb1eba941423e67620b7c85e264e9a5594163f1d1e8b95acc"},
    {file = "Cython-3.0.3-cp36-cp36m-manylinux_2_17_aarch64.manylinux2014_aarch64.whl", hash = "sha256:3cfbd60137f6fca9c29101d7517d4e341e0fd279ffc2489634e5e2dd592457c2"},
    {file = "Cython-3.0.3-cp36-cp36m-manylinux_2_17_x86_64.manylinux2014_x86_64.whl", hash = "sha256:66b7e71c16cab0814945014ffb101ead2b173259098bbb1b8138e7a547da3709"},
    {file = "Cython-3.0.3-cp36-cp36m-manylinux_2_5_i686.manylinux1_i686.manylinux_2_17_i686.manylinux2014_i686.whl", hash = "sha256:42b1ff0e19fb4d1fe68b60f55d46942ed246a323f6bbeec302924b78b4c3b637"},
    {file = "Cython-3.0.3-cp36-cp36m-musllinux_1_1_aarch64.whl", hash = "sha256:5d6af87a787d5ce063e28e508fee34755a945e438c68ecda50eb4ea34c30e13f"},
    {file = "Cython-3.0.3-cp36-cp36m-musllinux_1_1_x86_64.whl", hash = "sha256:0147a31fb73a063bb7b6c69fd843c1a2bad18f326f58048d4ee5bdaef87c9fbf"},
    {file = "Cython-3.0.3-cp36-cp36m-win32.whl", hash = "sha256:84084fa05cf9a67a85818fa72a741d1cae2e3096551158730730a3bafc3b2f52"},
    {file = "Cython-3.0.3-cp36-cp36m-win_amd64.whl", hash = "sha256:8a6a9a2d98758768052e4ac1bea4ebc20fae69b4c19cb2bc5457c9174532d302"},
    {file = "Cython-3.0.3-cp37-cp37m-macosx_10_9_x86_64.whl", hash = "sha256:94fa403de3a413cd41b8eb4ddb4adcbd66aa0a64f9a84d1c5f696c93572c83aa"},
    {file = "Cython-3.0.3-cp37-cp37m-manylinux_2_17_aarch64.manylinux2014_aarch64.whl", hash = "sha256:e729fd633a5225570c5480b36e7c530c8a82e2ab6d2944ddbe1ddfff5bf181b1"},
    {file = "Cython-3.0.3-cp37-cp37m-manylinux_2_17_x86_64.manylinux2014_x86_64.whl", hash = "sha256:59bf689409b0e51ef673e3dd0348727aef5b67e40f23f806be64c49cee321de0"},
    {file = "Cython-3.0.3-cp37-cp37m-manylinux_2_5_i686.manylinux1_i686.manylinux_2_17_i686.manylinux2014_i686.whl", hash = "sha256:f0ac9ec822fad010248b4a59ac197975de38c95378d0f13201c181dd9b0a2624"},
    {file = "Cython-3.0.3-cp37-cp37m-musllinux_1_1_aarch64.whl", hash = "sha256:8e78fc42a6e846941d23aba1aca587520ad38c8970255242f08f9288b0eeba85"},
    {file = "Cython-3.0.3-cp37-cp37m-musllinux_1_1_x86_64.whl", hash = "sha256:e40ac8bd6d11355d354bb4975bb88f6e923ba30f85e38f1f1234b642634e4fc4"},
    {file = "Cython-3.0.3-cp37-cp37m-win32.whl", hash = "sha256:77a920ae19fa1db5adb8a618cebb095ca4f56adfbf9fc32cb7008a590607b62b"},
    {file = "Cython-3.0.3-cp37-cp37m-win_amd64.whl", hash = "sha256:0630527a8c9e8fed815c38524e418dab713f5d66f6ac9dc2151b41f3a7727304"},
    {file = "Cython-3.0.3-cp38-cp38-macosx_10_9_x86_64.whl", hash = "sha256:4e956383e57d00b1fa6449b5ec03b9fa5fce2afd41ef3e518bee8e7c89f1616c"},
    {file = "Cython-3.0.3-cp38-cp38-manylinux_2_17_aarch64.manylinux2014_aarch64.whl", hash = "sha256:1ec9e15b821ef7e3c38abe9e4df4e6dda7af159325bc358afd5a3c2d5027ccfe"},
    {file = "Cython-3.0.3-cp38-cp38-manylinux_2_17_x86_64.manylinux2014_x86_64.whl", hash = "sha256:18f4fb7cc6ad8e99e8f387ebbcded171a701bfbfd8cd3fd46156bf44bb4fd968"},
    {file = "Cython-3.0.3-cp38-cp38-manylinux_2_5_i686.manylinux1_i686.manylinux_2_17_i686.manylinux2014_i686.whl", hash = "sha256:b50f4f75f89e7eef2ed9c9b60746bc4ab1ba2bc0dff64587133db2b63e068f09"},
    {file = "Cython-3.0.3-cp38-cp38-musllinux_1_1_aarch64.whl", hash = "sha256:5545d20d7a1c0cf17559152f7f4a465c3d5caace82dd051f82e2d753ae9fd956"},
    {file = "Cython-3.0.3-cp38-cp38-musllinux_1_1_x86_64.whl", hash = "sha256:1571b045ec1cb15c152c3949f3bd53ee0fa66d434271ea3d225658d99b7e721a"},
    {file = "Cython-3.0.3-cp38-cp38-win32.whl", hash = "sha256:3db04801fd15d826174f63ff45878d4b1e62aff27cf1ea96b186581052d24446"},
    {file = "Cython-3.0.3-cp38-cp38-win_amd64.whl", hash = "sha256:75d42c8423ab299396f3c938445730600e32e4a2f0298f6f9df4d4a698fe8e16"},
    {file = "Cython-3.0.3-cp39-cp39-macosx_10_9_x86_64.whl", hash = "sha256:48bae87b657009e5648c21d4a92de9f3dc6fed3e35e92957fa8a07a18cea2313"},
    {file = "Cython-3.0.3-cp39-cp39-manylinux_2_17_aarch64.manylinux2014_aarch64.whl", hash = "sha256:6ccde14ddc4b424435cb5722aa1529c254bbf3611e1ad9baea12d25e9c049361"},
    {file = "Cython-3.0.3-cp39-cp39-manylinux_2_17_x86_64.manylinux2014_x86_64.whl", hash = "sha256:4c8e5afcc19861c3b22faafbe906c7e1b23f0595073ac10e21a80dec9e60e7dd"},
    {file = "Cython-3.0.3-cp39-cp39-manylinux_2_5_i686.manylinux1_i686.manylinux_2_17_i686.manylinux2014_i686.whl", hash = "sha256:0e1c9385e99eef299396b9a1e39790e81819446c6a83e249f6f0fc71a64f57a0"},
    {file = "Cython-3.0.3-cp39-cp39-musllinux_1_1_aarch64.whl", hash = "sha256:d49d20db27c9cfcf45bb1fbf68f777bd1e04e4b949e4e5172d9ee8c9419bc792"},
    {file = "Cython-3.0.3-cp39-cp39-musllinux_1_1_x86_64.whl", hash = "sha256:d12591939af93c59defea6fc5320ca099eb44e4694e3b2cbe72fb24406079b97"},
    {file = "Cython-3.0.3-cp39-cp39-win32.whl", hash = "sha256:9f40b27545d583fd7df0d3c1b76b3bcaf8a72dbd8d83d5486af2384015660de8"},
    {file = "Cython-3.0.3-cp39-cp39-win_amd64.whl", hash = "sha256:74ba0f11b384246b7965169f08bf67d426e4957fee5c165571340217a9b43cfc"},
    {file = "Cython-3.0.3-py2.py3-none-any.whl", hash = "sha256:176953a8a2532e34a589625a40c934ff339088f2bf4ddaa2e5cb77b05ca0c25c"},
    {file = "Cython-3.0.3.tar.gz", hash = "sha256:327309301b01f729f173a94511cb2280c87ba03c89ed428e88f913f778245030"},
]

[[package]]
name = "macholib"
version = "1.16.3"
description = "Mach-O header analysis and editing"
optional = false
python-versions = "*"
files = [
    {file = "macholib-1.16.3-py2.py3-none-any.whl", hash = "sha256:0e315d7583d38b8c77e815b1ecbdbf504a8258d8b3e17b61165c6feb60d18f2c"},
    {file = "macholib-1.16.3.tar.gz", hash = "sha256:07ae9e15e8e4cd9a788013d81f5908b3609aa76f9b1421bae9c4d7606ec86a30"},
]

[package.dependencies]
altgraph = ">=0.17"

[[package]]
name = "mido"
version = "1.3.0"
description = "MIDI Objects for Python"
optional = false
python-versions = "~=3.7"
files = [
    {file = "mido-1.3.0-py3-none-any.whl", hash = "sha256:a710a274c8a1a3fd481f526d174a16e117b5e58d719ad92937a67fb6167a9432"},
    {file = "mido-1.3.0.tar.gz", hash = "sha256:84282e3ace34bca3f984220db2dbcb98245cfeafb854260c02e000750dca86aa"},
]

[package.dependencies]
packaging = ">=23.1,<24.0"

[package.extras]
build-docs = ["sphinx (>=4.3.2,<4.4.0)", "sphinx-rtd-theme (>=1.2.2,<1.3.0)"]
check-manifest = ["check-manifest (>=0.49)"]
dev = ["mido[build-docs]", "mido[check-manifest]", "mido[lint-code]", "mido[lint-reuse]", "mido[release]", "mido[test]"]
lint-code = ["flake8 (>=5.0.4,<5.1.0)"]
lint-reuse = ["reuse (>=1.1.2,<1.2.0)"]
ports-all = ["mido[ports-pygame]", "mido[ports-rtmidi-python]", "mido[ports-rtmidi]"]
ports-pygame = ["PyGame (>=2.5,<3.0)"]
ports-rtmidi = ["python-rtmidi (>=1.5.4,<1.6.0)"]
ports-rtmidi-python = ["rtmidi-python (>=0.2.2,<0.3.0)"]
release = ["twine (>=4.0.2,<4.1.0)"]
test-code = ["pytest (>=7.4.0,<7.5.0)"]

[[package]]
name = "numpy"
version = "1.26.0"
description = "Fundamental package for array computing in Python"
optional = false
python-versions = "<3.13,>=3.9"
files = [
    {file = "numpy-1.26.0-cp310-cp310-macosx_10_9_x86_64.whl", hash = "sha256:f8db2f125746e44dce707dd44d4f4efeea8d7e2b43aace3f8d1f235cfa2733dd"},
    {file = "numpy-1.26.0-cp310-cp310-macosx_11_0_arm64.whl", hash = "sha256:0621f7daf973d34d18b4e4bafb210bbaf1ef5e0100b5fa750bd9cde84c7ac292"},
    {file = "numpy-1.26.0-cp310-cp310-manylinux_2_17_aarch64.manylinux2014_aarch64.whl", hash = "sha256:51be5f8c349fdd1a5568e72713a21f518e7d6707bcf8503b528b88d33b57dc68"},
    {file = "numpy-1.26.0-cp310-cp310-manylinux_2_17_x86_64.manylinux2014_x86_64.whl", hash = "sha256:767254ad364991ccfc4d81b8152912e53e103ec192d1bb4ea6b1f5a7117040be"},
    {file = "numpy-1.26.0-cp310-cp310-musllinux_1_1_x86_64.whl", hash = "sha256:436c8e9a4bdeeee84e3e59614d38c3dbd3235838a877af8c211cfcac8a80b8d3"},
    {file = "numpy-1.26.0-cp310-cp310-win32.whl", hash = "sha256:c2e698cb0c6dda9372ea98a0344245ee65bdc1c9dd939cceed6bb91256837896"},
    {file = "numpy-1.26.0-cp310-cp310-win_amd64.whl", hash = "sha256:09aaee96c2cbdea95de76ecb8a586cb687d281c881f5f17bfc0fb7f5890f6b91"},
    {file = "numpy-1.26.0-cp311-cp311-macosx_10_9_x86_64.whl", hash = "sha256:637c58b468a69869258b8ae26f4a4c6ff8abffd4a8334c830ffb63e0feefe99a"},
    {file = "numpy-1.26.0-cp311-cp311-macosx_11_0_arm64.whl", hash = "sha256:306545e234503a24fe9ae95ebf84d25cba1fdc27db971aa2d9f1ab6bba19a9dd"},
    {file = "numpy-1.26.0-cp311-cp311-manylinux_2_17_aarch64.manylinux2014_aarch64.whl", hash = "sha256:8c6adc33561bd1d46f81131d5352348350fc23df4d742bb246cdfca606ea1208"},
    {file = "numpy-1.26.0-cp311-cp311-manylinux_2_17_x86_64.manylinux2014_x86_64.whl", hash = "sha256:e062aa24638bb5018b7841977c360d2f5917268d125c833a686b7cbabbec496c"},
    {file = "numpy-1.26.0-cp311-cp311-musllinux_1_1_x86_64.whl", hash = "sha256:546b7dd7e22f3c6861463bebb000646fa730e55df5ee4a0224408b5694cc6148"},
    {file = "numpy-1.26.0-cp311-cp311-win32.whl", hash = "sha256:c0b45c8b65b79337dee5134d038346d30e109e9e2e9d43464a2970e5c0e93229"},
    {file = "numpy-1.26.0-cp311-cp311-win_amd64.whl", hash = "sha256:eae430ecf5794cb7ae7fa3808740b015aa80747e5266153128ef055975a72b99"},
    {file = "numpy-1.26.0-cp312-cp312-macosx_10_9_x86_64.whl", hash = "sha256:166b36197e9debc4e384e9c652ba60c0bacc216d0fc89e78f973a9760b503388"},
    {file = "numpy-1.26.0-cp312-cp312-macosx_11_0_arm64.whl", hash = "sha256:f042f66d0b4ae6d48e70e28d487376204d3cbf43b84c03bac57e28dac6151581"},
    {file = "numpy-1.26.0-cp312-cp312-manylinux_2_17_aarch64.manylinux2014_aarch64.whl", hash = "sha256:e5e18e5b14a7560d8acf1c596688f4dfd19b4f2945b245a71e5af4ddb7422feb"},
    {file = "numpy-1.26.0-cp312-cp312-manylinux_2_17_x86_64.manylinux2014_x86_64.whl", hash = "sha256:7f6bad22a791226d0a5c7c27a80a20e11cfe09ad5ef9084d4d3fc4a299cca505"},
    {file = "numpy-1.26.0-cp312-cp312-musllinux_1_1_x86_64.whl", hash = "sha256:4acc65dd65da28060e206c8f27a573455ed724e6179941edb19f97e58161bb69"},
    {file = "numpy-1.26.0-cp312-cp312-win32.whl", hash = "sha256:bb0d9a1aaf5f1cb7967320e80690a1d7ff69f1d47ebc5a9bea013e3a21faec95"},
    {file = "numpy-1.26.0-cp312-cp312-win_amd64.whl", hash = "sha256:ee84ca3c58fe48b8ddafdeb1db87388dce2c3c3f701bf447b05e4cfcc3679112"},
    {file = "numpy-1.26.0-cp39-cp39-macosx_10_9_x86_64.whl", hash = "sha256:4a873a8180479bc829313e8d9798d5234dfacfc2e8a7ac188418189bb8eafbd2"},
    {file = "numpy-1.26.0-cp39-cp39-macosx_11_0_arm64.whl", hash = "sha256:914b28d3215e0c721dc75db3ad6d62f51f630cb0c277e6b3bcb39519bed10bd8"},
    {file = "numpy-1.26.0-cp39-cp39-manylinux_2_17_aarch64.manylinux2014_aarch64.whl", hash = "sha256:c78a22e95182fb2e7874712433eaa610478a3caf86f28c621708d35fa4fd6e7f"},
    {file = "numpy-1.26.0-cp39-cp39-manylinux_2_17_x86_64.manylinux2014_x86_64.whl", hash = "sha256:86f737708b366c36b76e953c46ba5827d8c27b7a8c9d0f471810728e5a2fe57c"},
    {file = "numpy-1.26.0-cp39-cp39-musllinux_1_1_x86_64.whl", hash = "sha256:b44e6a09afc12952a7d2a58ca0a2429ee0d49a4f89d83a0a11052da696440e49"},
    {file = "numpy-1.26.0-cp39-cp39-win32.whl", hash = "sha256:5671338034b820c8d58c81ad1dafc0ed5a00771a82fccc71d6438df00302094b"},
    {file = "numpy-1.26.0-cp39-cp39-win_amd64.whl", hash = "sha256:020cdbee66ed46b671429c7265cf00d8ac91c046901c55684954c3958525dab2"},
    {file = "numpy-1.26.0-pp39-pypy39_pp73-macosx_10_9_x86_64.whl", hash = "sha256:0792824ce2f7ea0c82ed2e4fecc29bb86bee0567a080dacaf2e0a01fe7654369"},
    {file = "numpy-1.26.0-pp39-pypy39_pp73-manylinux_2_17_x86_64.manylinux2014_x86_64.whl", hash = "sha256:7d484292eaeb3e84a51432a94f53578689ffdea3f90e10c8b203a99be5af57d8"},
    {file = "numpy-1.26.0-pp39-pypy39_pp73-win_amd64.whl", hash = "sha256:186ba67fad3c60dbe8a3abff3b67a91351100f2661c8e2a80364ae6279720299"},
    {file = "numpy-1.26.0.tar.gz", hash = "sha256:f93fc78fe8bf15afe2b8d6b6499f1c73953169fad1e9a8dd086cdff3190e7fdf"},
]

[[package]]
name = "opencv-python-headless"
version = "4.8.1.78"
description = "Wrapper package for OpenCV python bindings."
optional = false
python-versions = ">=3.6"
files = [
    {file = "opencv-python-headless-4.8.1.78.tar.gz", hash = "sha256:bc7197b42352f6f865c302a49140b889ec7cd957dd697e2d7fc016ad0d3f28f1"},
    {file = "opencv_python_headless-4.8.1.78-cp37-abi3-macosx_10_16_x86_64.whl", hash = "sha256:f3a33f644249f9ce1c913eac580e4b3ef4ce7cab0a71900274708959c2feb5e3"},
    {file = "opencv_python_headless-4.8.1.78-cp37-abi3-macosx_11_0_arm64.whl", hash = "sha256:2c7d45721df9801c4dcd34683a15caa0e30f38b185263fec04a6eb274bc720f0"},
    {file = "opencv_python_headless-4.8.1.78-cp37-abi3-manylinux_2_17_aarch64.manylinux2014_aarch64.whl", hash = "sha256:3b6bd6e1132b6f5dcb3a5bfe30fc4d341a7bfb26134da349a06c9255288ded94"},
    {file = "opencv_python_headless-4.8.1.78-cp37-abi3-manylinux_2_17_x86_64.manylinux2014_x86_64.whl", hash = "sha256:58e70d2f0915fe23e02c6e405588276c9397844a47d38b9c87fac5f7f9ba2dcc"},
    {file = "opencv_python_headless-4.8.1.78-cp37-abi3-win32.whl", hash = "sha256:382f8c7a6a14f80091284eecedd52cee4812231ee0eff1118592197b538d9252"},
    {file = "opencv_python_headless-4.8.1.78-cp37-abi3-win_amd64.whl", hash = "sha256:0a0f1e9f836f7d5bad1dd164694944c8761711cbdf4b36ebbd4815a8ef731079"},
]

[package.dependencies]
numpy = {version = ">=1.23.5", markers = "python_version >= \"3.11\""}

[[package]]
name = "packaging"
version = "23.2"
description = "Core utilities for Python packages"
optional = false
python-versions = ">=3.7"
files = [
    {file = "packaging-23.2-py3-none-any.whl", hash = "sha256:8c491190033a9af7e1d931d0b5dacc2ef47509b34dd0de67ed209b5203fc88c7"},
    {file = "packaging-23.2.tar.gz", hash = "sha256:048fb0e9405036518eaaf48a55953c750c11e1a1b68e0dd1a9d62ed0c092cfc5"},
]

[[package]]
name = "pefile"
version = "2023.2.7"
description = "Python PE parsing module"
optional = false
python-versions = ">=3.6.0"
files = [
    {file = "pefile-2023.2.7-py3-none-any.whl", hash = "sha256:da185cd2af68c08a6cd4481f7325ed600a88f6a813bad9dea07ab3ef73d8d8d6"},
    {file = "pefile-2023.2.7.tar.gz", hash = "sha256:82e6114004b3d6911c77c3953e3838654b04511b8b66e8583db70c65998017dc"},
]

[[package]]
name = "pillow"
version = "10.0.1"
description = "Python Imaging Library (Fork)"
optional = false
python-versions = ">=3.8"
files = [
    {file = "Pillow-10.0.1-cp310-cp310-macosx_10_10_x86_64.whl", hash = "sha256:8f06be50669087250f319b706decf69ca71fdecd829091a37cc89398ca4dc17a"},
    {file = "Pillow-10.0.1-cp310-cp310-macosx_11_0_arm64.whl", hash = "sha256:50bd5f1ebafe9362ad622072a1d2f5850ecfa44303531ff14353a4059113b12d"},
    {file = "Pillow-10.0.1-cp310-cp310-manylinux_2_17_aarch64.manylinux2014_aarch64.whl", hash = "sha256:e6a90167bcca1216606223a05e2cf991bb25b14695c518bc65639463d7db722d"},
    {file = "Pillow-10.0.1-cp310-cp310-manylinux_2_17_x86_64.manylinux2014_x86_64.whl", hash = "sha256:f11c9102c56ffb9ca87134bd025a43d2aba3f1155f508eff88f694b33a9c6d19"},
    {file = "Pillow-10.0.1-cp310-cp310-manylinux_2_28_aarch64.whl", hash = "sha256:186f7e04248103482ea6354af6d5bcedb62941ee08f7f788a1c7707bc720c66f"},
    {file = "Pillow-10.0.1-cp310-cp310-manylinux_2_28_x86_64.whl", hash = "sha256:0462b1496505a3462d0f35dc1c4d7b54069747d65d00ef48e736acda2c8cbdff"},
    {file = "Pillow-10.0.1-cp310-cp310-musllinux_1_1_aarch64.whl", hash = "sha256:d889b53ae2f030f756e61a7bff13684dcd77e9af8b10c6048fb2c559d6ed6eaf"},
    {file = "Pillow-10.0.1-cp310-cp310-musllinux_1_1_x86_64.whl", hash = "sha256:552912dbca585b74d75279a7570dd29fa43b6d93594abb494ebb31ac19ace6bd"},
    {file = "Pillow-10.0.1-cp310-cp310-win_amd64.whl", hash = "sha256:787bb0169d2385a798888e1122c980c6eff26bf941a8ea79747d35d8f9210ca0"},
    {file = "Pillow-10.0.1-cp311-cp311-macosx_10_10_x86_64.whl", hash = "sha256:fd2a5403a75b54661182b75ec6132437a181209b901446ee5724b589af8edef1"},
    {file = "Pillow-10.0.1-cp311-cp311-macosx_11_0_arm64.whl", hash = "sha256:2d7e91b4379f7a76b31c2dda84ab9e20c6220488e50f7822e59dac36b0cd92b1"},
    {file = "Pillow-10.0.1-cp311-cp311-manylinux_2_17_aarch64.manylinux2014_aarch64.whl", hash = "sha256:19e9adb3f22d4c416e7cd79b01375b17159d6990003633ff1d8377e21b7f1b21"},
    {file = "Pillow-10.0.1-cp311-cp311-manylinux_2_17_x86_64.manylinux2014_x86_64.whl", hash = "sha256:93139acd8109edcdeffd85e3af8ae7d88b258b3a1e13a038f542b79b6d255c54"},
    {file = "Pillow-10.0.1-cp311-cp311-manylinux_2_28_aarch64.whl", hash = "sha256:92a23b0431941a33242b1f0ce6c88a952e09feeea9af4e8be48236a68ffe2205"},
    {file = "Pillow-10.0.1-cp311-cp311-manylinux_2_28_x86_64.whl", hash = "sha256:cbe68deb8580462ca0d9eb56a81912f59eb4542e1ef8f987405e35a0179f4ea2"},
    {file = "Pillow-10.0.1-cp311-cp311-musllinux_1_1_aarch64.whl", hash = "sha256:522ff4ac3aaf839242c6f4e5b406634bfea002469656ae8358644fc6c4856a3b"},
    {file = "Pillow-10.0.1-cp311-cp311-musllinux_1_1_x86_64.whl", hash = "sha256:84efb46e8d881bb06b35d1d541aa87f574b58e87f781cbba8d200daa835b42e1"},
    {file = "Pillow-10.0.1-cp311-cp311-win_amd64.whl", hash = "sha256:898f1d306298ff40dc1b9ca24824f0488f6f039bc0e25cfb549d3195ffa17088"},
    {file = "Pillow-10.0.1-cp312-cp312-macosx_10_10_x86_64.whl", hash = "sha256:bcf1207e2f2385a576832af02702de104be71301c2696d0012b1b93fe34aaa5b"},
    {file = "Pillow-10.0.1-cp312-cp312-macosx_11_0_arm64.whl", hash = "sha256:5d6c9049c6274c1bb565021367431ad04481ebb54872edecfcd6088d27edd6ed"},
    {file = "Pillow-10.0.1-cp312-cp312-manylinux_2_17_aarch64.manylinux2014_aarch64.whl", hash = "sha256:28444cb6ad49726127d6b340217f0627abc8732f1194fd5352dec5e6a0105635"},
    {file = "Pillow-10.0.1-cp312-cp312-manylinux_2_17_x86_64.manylinux2014_x86_64.whl", hash = "sha256:de596695a75496deb3b499c8c4f8e60376e0516e1a774e7bc046f0f48cd620ad"},
    {file = "Pillow-10.0.1-cp312-cp312-manylinux_2_28_aarch64.whl", hash = "sha256:2872f2d7846cf39b3dbff64bc1104cc48c76145854256451d33c5faa55c04d1a"},
    {file = "Pillow-10.0.1-cp312-cp312-manylinux_2_28_x86_64.whl", hash = "sha256:4ce90f8a24e1c15465048959f1e94309dfef93af272633e8f37361b824532e91"},
    {file = "Pillow-10.0.1-cp312-cp312-musllinux_1_1_aarch64.whl", hash = "sha256:ee7810cf7c83fa227ba9125de6084e5e8b08c59038a7b2c9045ef4dde61663b4"},
    {file = "Pillow-10.0.1-cp312-cp312-musllinux_1_1_x86_64.whl", hash = "sha256:b1be1c872b9b5fcc229adeadbeb51422a9633abd847c0ff87dc4ef9bb184ae08"},
    {file = "Pillow-10.0.1-cp312-cp312-win_amd64.whl", hash = "sha256:98533fd7fa764e5f85eebe56c8e4094db912ccbe6fbf3a58778d543cadd0db08"},
    {file = "Pillow-10.0.1-cp38-cp38-macosx_10_10_x86_64.whl", hash = "sha256:764d2c0daf9c4d40ad12fbc0abd5da3af7f8aa11daf87e4fa1b834000f4b6b0a"},
    {file = "Pillow-10.0.1-cp38-cp38-macosx_11_0_arm64.whl", hash = "sha256:fcb59711009b0168d6ee0bd8fb5eb259c4ab1717b2f538bbf36bacf207ef7a68"},
    {file = "Pillow-10.0.1-cp38-cp38-manylinux_2_17_aarch64.manylinux2014_aarch64.whl", hash = "sha256:697a06bdcedd473b35e50a7e7506b1d8ceb832dc238a336bd6f4f5aa91a4b500"},
    {file = "Pillow-10.0.1-cp38-cp38-manylinux_2_17_x86_64.manylinux2014_x86_64.whl", hash = "sha256:9f665d1e6474af9f9da5e86c2a3a2d2d6204e04d5af9c06b9d42afa6ebde3f21"},
    {file = "Pillow-10.0.1-cp38-cp38-manylinux_2_28_aarch64.whl", hash = "sha256:2fa6dd2661838c66f1a5473f3b49ab610c98a128fc08afbe81b91a1f0bf8c51d"},
    {file = "Pillow-10.0.1-cp38-cp38-manylinux_2_28_x86_64.whl", hash = "sha256:3a04359f308ebee571a3127fdb1bd01f88ba6f6fb6d087f8dd2e0d9bff43f2a7"},
    {file = "Pillow-10.0.1-cp38-cp38-musllinux_1_1_aarch64.whl", hash = "sha256:723bd25051454cea9990203405fa6b74e043ea76d4968166dfd2569b0210886a"},
    {file = "Pillow-10.0.1-cp38-cp38-musllinux_1_1_x86_64.whl", hash = "sha256:71671503e3015da1b50bd18951e2f9daf5b6ffe36d16f1eb2c45711a301521a7"},
    {file = "Pillow-10.0.1-cp38-cp38-win_amd64.whl", hash = "sha256:44e7e4587392953e5e251190a964675f61e4dae88d1e6edbe9f36d6243547ff3"},
    {file = "Pillow-10.0.1-cp39-cp39-macosx_10_10_x86_64.whl", hash = "sha256:3855447d98cced8670aaa63683808df905e956f00348732448b5a6df67ee5849"},
    {file = "Pillow-10.0.1-cp39-cp39-macosx_11_0_arm64.whl", hash = "sha256:ed2d9c0704f2dc4fa980b99d565c0c9a543fe5101c25b3d60488b8ba80f0cce1"},
    {file = "Pillow-10.0.1-cp39-cp39-manylinux_2_17_aarch64.manylinux2014_aarch64.whl", hash = "sha256:f5bb289bb835f9fe1a1e9300d011eef4d69661bb9b34d5e196e5e82c4cb09b37"},
    {file = "Pillow-10.0.1-cp39-cp39-manylinux_2_17_x86_64.manylinux2014_x86_64.whl", hash = "sha256:3a0d3e54ab1df9df51b914b2233cf779a5a10dfd1ce339d0421748232cea9876"},
    {file = "Pillow-10.0.1-cp39-cp39-manylinux_2_28_aarch64.whl", hash = "sha256:2cc6b86ece42a11f16f55fe8903595eff2b25e0358dec635d0a701ac9586588f"},
    {file = "Pillow-10.0.1-cp39-cp39-manylinux_2_28_x86_64.whl", hash = "sha256:ca26ba5767888c84bf5a0c1a32f069e8204ce8c21d00a49c90dabeba00ce0145"},
    {file = "Pillow-10.0.1-cp39-cp39-musllinux_1_1_aarch64.whl", hash = "sha256:f0b4b06da13275bc02adfeb82643c4a6385bd08d26f03068c2796f60d125f6f2"},
    {file = "Pillow-10.0.1-cp39-cp39-musllinux_1_1_x86_64.whl", hash = "sha256:bc2e3069569ea9dbe88d6b8ea38f439a6aad8f6e7a6283a38edf61ddefb3a9bf"},
    {file = "Pillow-10.0.1-cp39-cp39-win_amd64.whl", hash = "sha256:8b451d6ead6e3500b6ce5c7916a43d8d8d25ad74b9102a629baccc0808c54971"},
    {file = "Pillow-10.0.1-pp310-pypy310_pp73-macosx_10_10_x86_64.whl", hash = "sha256:32bec7423cdf25c9038fef614a853c9d25c07590e1a870ed471f47fb80b244db"},
    {file = "Pillow-10.0.1-pp310-pypy310_pp73-manylinux_2_17_x86_64.manylinux2014_x86_64.whl", hash = "sha256:b7cf63d2c6928b51d35dfdbda6f2c1fddbe51a6bc4a9d4ee6ea0e11670dd981e"},
    {file = "Pillow-10.0.1-pp310-pypy310_pp73-manylinux_2_28_x86_64.whl", hash = "sha256:f6d3d4c905e26354e8f9d82548475c46d8e0889538cb0657aa9c6f0872a37aa4"},
    {file = "Pillow-10.0.1-pp310-pypy310_pp73-win_amd64.whl", hash = "sha256:847e8d1017c741c735d3cd1883fa7b03ded4f825a6e5fcb9378fd813edee995f"},
    {file = "Pillow-10.0.1-pp39-pypy39_pp73-macosx_10_10_x86_64.whl", hash = "sha256:7f771e7219ff04b79e231d099c0a28ed83aa82af91fd5fa9fdb28f5b8d5addaf"},
    {file = "Pillow-10.0.1-pp39-pypy39_pp73-manylinux_2_17_x86_64.manylinux2014_x86_64.whl", hash = "sha256:459307cacdd4138edee3875bbe22a2492519e060660eaf378ba3b405d1c66317"},
    {file = "Pillow-10.0.1-pp39-pypy39_pp73-manylinux_2_28_x86_64.whl", hash = "sha256:b059ac2c4c7a97daafa7dc850b43b2d3667def858a4f112d1aa082e5c3d6cf7d"},
    {file = "Pillow-10.0.1-pp39-pypy39_pp73-win_amd64.whl", hash = "sha256:d6caf3cd38449ec3cd8a68b375e0c6fe4b6fd04edb6c9766b55ef84a6e8ddf2d"},
    {file = "Pillow-10.0.1.tar.gz", hash = "sha256:d72967b06be9300fed5cfbc8b5bafceec48bf7cdc7dab66b1d2549035287191d"},
]

[package.extras]
docs = ["furo", "olefile", "sphinx (>=2.4)", "sphinx-copybutton", "sphinx-inline-tabs", "sphinx-removed-in", "sphinxext-opengraph"]
tests = ["check-manifest", "coverage", "defusedxml", "markdown2", "olefile", "packaging", "pyroma", "pytest", "pytest-cov", "pytest-timeout"]

[[package]]
name = "pip-licenses"
version = "4.3.3"
description = "Dump the software license list of Python packages installed with pip."
optional = false
python-versions = "~=3.8"
files = [
    {file = "pip-licenses-4.3.3.tar.gz", hash = "sha256:d14447094135eb5e43e4d9e1e3bcdb17a05751a9199df2d07f043a542c241c7a"},
    {file = "pip_licenses-4.3.3-py3-none-any.whl", hash = "sha256:1b697cace3149d7d380307bb1f1e0505f0db98f25fada64d32b7e6240f37f72c"},
]

[package.dependencies]
prettytable = ">=2.3.0"

[package.extras]
test = ["docutils", "mypy", "pytest-cov", "pytest-pycodestyle", "pytest-runner"]

[[package]]
name = "prettytable"
version = "3.9.0"
description = "A simple Python library for easily displaying tabular data in a visually appealing ASCII table format"
optional = false
python-versions = ">=3.8"
files = [
    {file = "prettytable-3.9.0-py3-none-any.whl", hash = "sha256:a71292ab7769a5de274b146b276ce938786f56c31cf7cea88b6f3775d82fe8c8"},
    {file = "prettytable-3.9.0.tar.gz", hash = "sha256:f4ed94803c23073a90620b201965e5dc0bccf1760b7a7eaf3158cab8aaffdf34"},
]

[package.dependencies]
wcwidth = "*"

[package.extras]
tests = ["pytest", "pytest-cov", "pytest-lazy-fixture"]

[[package]]
name = "pycodestyle"
version = "2.11.0"
description = "Python style guide checker"
optional = false
python-versions = ">=3.8"
files = [
    {file = "pycodestyle-2.11.0-py2.py3-none-any.whl", hash = "sha256:5d1013ba8dc7895b548be5afb05740ca82454fd899971563d2ef625d090326f8"},
    {file = "pycodestyle-2.11.0.tar.gz", hash = "sha256:259bcc17857d8a8b3b4a2327324b79e5f020a13c16074670f9c8c8f872ea76d0"},
]

[[package]]
name = "pyinstaller"
version = "6.0.0"
description = "PyInstaller bundles a Python application and all its dependencies into a single package."
optional = false
python-versions = "<3.13,>=3.8"
files = [
    {file = "pyinstaller-6.0.0-py3-none-macosx_10_13_universal2.whl", hash = "sha256:d84b06fb9002109bfc542e76860b81459a8585af0bbdabcfc5dcf272ef230de7"},
    {file = "pyinstaller-6.0.0-py3-none-manylinux2014_aarch64.whl", hash = "sha256:aa922d1d73881d0820a341d2c406a571cc94630bdcdc275427c844a12e6e376e"},
    {file = "pyinstaller-6.0.0-py3-none-manylinux2014_i686.whl", hash = "sha256:52e5b3a2371d7231de17515c7c78d8d4a39d70c8c095e71d55b3b83434a193a8"},
    {file = "pyinstaller-6.0.0-py3-none-manylinux2014_ppc64le.whl", hash = "sha256:4a75bde5cda259bb31f2294960d75b9d5c148001b2b0bd20a91f9c2116675a6c"},
    {file = "pyinstaller-6.0.0-py3-none-manylinux2014_s390x.whl", hash = "sha256:5314f6f08d2bcbc031778618ba97d9098d106119c2e616b3b081171fe42f5415"},
    {file = "pyinstaller-6.0.0-py3-none-manylinux2014_x86_64.whl", hash = "sha256:0ad7cc3776ca17d0bededcc352cba2b1c89eb4817bfabaf05972b9da8c424935"},
    {file = "pyinstaller-6.0.0-py3-none-musllinux_1_1_aarch64.whl", hash = "sha256:cccdad6cfe7a5db7d7eb8df2e5678f8375268739d5933214e180da300aa54e37"},
    {file = "pyinstaller-6.0.0-py3-none-musllinux_1_1_x86_64.whl", hash = "sha256:fb6af82989dac7c58bd25ed9ba3323bc443f8c1f03804f69c9f5e363bf4a021c"},
    {file = "pyinstaller-6.0.0-py3-none-win32.whl", hash = "sha256:68769f5e6722474bb1038e35560444659db8b951388bfe0c669bb52a640cd0eb"},
    {file = "pyinstaller-6.0.0-py3-none-win_amd64.whl", hash = "sha256:438a9e0d72a57d5bba4f112d256e39ea4033c76c65414c0693d8311faa14b090"},
    {file = "pyinstaller-6.0.0-py3-none-win_arm64.whl", hash = "sha256:16a473065291dd7879bf596fa20e65bd9d1e8aafc2cef1bffa3e42e707e2e68e"},
    {file = "pyinstaller-6.0.0.tar.gz", hash = "sha256:d702cff041f30e7a53500b630e07b081e5328d4655023319253d73935e75ade2"},
]

[package.dependencies]
altgraph = "*"
macholib = {version = ">=1.8", markers = "sys_platform == \"darwin\""}
packaging = ">=20.0"
pefile = {version = ">=2022.5.30", markers = "sys_platform == \"win32\""}
pyinstaller-hooks-contrib = ">=2021.4"
pywin32-ctypes = {version = ">=0.2.1", markers = "sys_platform == \"win32\""}
setuptools = ">=42.0.0"

[package.extras]
hook-testing = ["execnet (>=1.5.0)", "psutil", "pytest (>=2.7.3)"]

[[package]]
name = "pyinstaller-hooks-contrib"
version = "2023.9"
description = "Community maintained hooks for PyInstaller"
optional = false
python-versions = ">=3.7"
files = [
    {file = "pyinstaller-hooks-contrib-2023.9.tar.gz", hash = "sha256:76084b5988e3957a9df169d2a935d65500136967e710ddebf57263f1a909cd80"},
    {file = "pyinstaller_hooks_contrib-2023.9-py2.py3-none-any.whl", hash = "sha256:f34f4c6807210025c8073ebe665f422a3aa2ac5f4c7ebf4c2a26cc77bebf63b5"},
]

[[package]]
name = "python-rtmidi"
version = "1.5.6"
description = "A Python binding for the RtMidi C++ library implemented using Cython."
optional = false
python-versions = ">=3.8"
files = [
    {file = "python_rtmidi-1.5.6-cp310-cp310-macosx_10_9_x86_64.whl", hash = "sha256:39042b963b63f5fd7dc02943f412d29aaef6770b0dec6d2de975e32ed200561e"},
    {file = "python_rtmidi-1.5.6-cp310-cp310-macosx_11_0_arm64.whl", hash = "sha256:81ea5f11e5ada292da6c90fd451c4c3105bee1334c7c6aa5fddb57162bbf605b"},
    {file = "python_rtmidi-1.5.6-cp310-cp310-manylinux_2_28_aarch64.whl", hash = "sha256:f1201cab39a05ecdaf039553bdefce90d2b0927d4d4378bcebcb141f3934fd2a"},
    {file = "python_rtmidi-1.5.6-cp310-cp310-manylinux_2_28_x86_64.whl", hash = "sha256:68883106c4eadde1f9861895ccd8d90868e2380cfa70486ae5e52719eaf5c26e"},
    {file = "python_rtmidi-1.5.6-cp310-cp310-win_amd64.whl", hash = "sha256:f3cada5737e9db1d0f9de0ddb8e288928b35e506d713cfc2b72614553e830bef"},
    {file = "python_rtmidi-1.5.6-cp311-cp311-macosx_10_9_x86_64.whl", hash = "sha256:12b2e0b3f7f3946a62d28866150a3f779ed462a39b447896e6b8096f6da520fd"},
    {file = "python_rtmidi-1.5.6-cp311-cp311-macosx_11_0_arm64.whl", hash = "sha256:bb41bf25014447f6235139d96866c89041588dc67249199c97a2037779543022"},
    {file = "python_rtmidi-1.5.6-cp311-cp311-manylinux_2_28_aarch64.whl", hash = "sha256:af04dc56c98a0cf362f4b8da54b7477a68a4efdd7d8c8e2bf4997737d332a91a"},
    {file = "python_rtmidi-1.5.6-cp311-cp311-manylinux_2_28_x86_64.whl", hash = "sha256:b35455350513e4a82a930df3583eea6ac10dab9dc69a47a2ff5be4d9d06cd952"},
    {file = "python_rtmidi-1.5.6-cp311-cp311-win_amd64.whl", hash = "sha256:ca000906a0a06e9281667aae20de7d697b50edfc4a899e7e0d945a058d087a65"},
    {file = "python_rtmidi-1.5.6-cp38-cp38-macosx_10_9_x86_64.whl", hash = "sha256:ce5d38597f687b6f70ddb7fb10c8b42481e802c1d48befe1fb9ad70850d9c126"},
    {file = "python_rtmidi-1.5.6-cp38-cp38-macosx_11_0_arm64.whl", hash = "sha256:4c89e8f867307e6d92962e57254fbd7d296a59adbcf3b23d7f22429c7eed073f"},
    {file = "python_rtmidi-1.5.6-cp38-cp38-manylinux_2_28_aarch64.whl", hash = "sha256:f522243a06cbd8fae20d7631eded32c67b0e727278a8a487b309062a0608e024"},
    {file = "python_rtmidi-1.5.6-cp38-cp38-manylinux_2_28_x86_64.whl", hash = "sha256:5e85537cdd8721724b024206d812c3289cbceef4b99dda5c030bbb29f30a3c0b"},
    {file = "python_rtmidi-1.5.6-cp38-cp38-win_amd64.whl", hash = "sha256:7d436d9f2bba11d1f82d951a2213d5f66cc5975e4e8c8ac5899fd402b1a73b34"},
    {file = "python_rtmidi-1.5.6-cp39-cp39-macosx_10_9_x86_64.whl", hash = "sha256:67936128df85ded6c71e6a2dd8dc4134eca424c96a24e6954c84d4fddc0526cf"},
    {file = "python_rtmidi-1.5.6-cp39-cp39-macosx_11_0_arm64.whl", hash = "sha256:c8a4ae8a75b3425136772acbd8153847211f98c1cd2eb73eb606df9eaab99a8c"},
    {file = "python_rtmidi-1.5.6-cp39-cp39-manylinux_2_28_aarch64.whl", hash = "sha256:d5fe85c21a596810a0bef28aeee394cf6ee9139265af7837ab1781d899f7a488"},
    {file = "python_rtmidi-1.5.6-cp39-cp39-manylinux_2_28_x86_64.whl", hash = "sha256:25e93bae54b164642788df8d064dd45051b2a81bcb49866388de01802f97ce9b"},
    {file = "python_rtmidi-1.5.6-cp39-cp39-win_amd64.whl", hash = "sha256:9390e434244eec925a5d2fc308e03ecea39117cae76ef513c74d40f78d448cc0"},
    {file = "python_rtmidi-1.5.6.tar.gz", hash = "sha256:b2a0a399bb4a5e1a56477798afd41d022a18b5e954f6d0ff92b45bb99bee3710"},
]

[[package]]
name = "pywin32-ctypes"
version = "0.2.2"
description = "A (partial) reimplementation of pywin32 using ctypes/cffi"
optional = false
python-versions = ">=3.6"
files = [
    {file = "pywin32-ctypes-0.2.2.tar.gz", hash = "sha256:3426e063bdd5fd4df74a14fa3cf80a0b42845a87e1d1e81f6549f9daec593a60"},
    {file = "pywin32_ctypes-0.2.2-py3-none-any.whl", hash = "sha256:bf490a1a709baf35d688fe0ecf980ed4de11d2b3e37b51e5442587a75d9957e7"},
]

[[package]]
name = "setuptools"
version = "68.2.2"
description = "Easily download, build, install, upgrade, and uninstall Python packages"
optional = false
python-versions = ">=3.8"
files = [
    {file = "setuptools-68.2.2-py3-none-any.whl", hash = "sha256:b454a35605876da60632df1a60f736524eb73cc47bbc9f3f1ef1b644de74fd2a"},
    {file = "setuptools-68.2.2.tar.gz", hash = "sha256:4ac1475276d2f1c48684874089fefcd83bd7162ddaafb81fac866ba0db282a87"},
]

[package.extras]
docs = ["furo", "jaraco.packaging (>=9.3)", "jaraco.tidelift (>=1.4)", "pygments-github-lexers (==0.0.5)", "rst.linker (>=1.9)", "sphinx (>=3.5)", "sphinx-favicon", "sphinx-hoverxref (<2)", "sphinx-inline-tabs", "sphinx-lint", "sphinx-notfound-page (>=1,<2)", "sphinx-reredirects", "sphinxcontrib-towncrier"]
testing = ["build[virtualenv]", "filelock (>=3.4.0)", "flake8-2020", "ini2toml[lite] (>=0.9)", "jaraco.develop (>=7.21)", "jaraco.envs (>=2.2)", "jaraco.path (>=3.2.0)", "pip (>=19.1)", "pytest (>=6)", "pytest-black (>=0.3.7)", "pytest-checkdocs (>=2.4)", "pytest-cov", "pytest-enabler (>=2.2)", "pytest-mypy (>=0.9.1)", "pytest-perf", "pytest-ruff", "pytest-timeout", "pytest-xdist", "tomli-w (>=1.0.0)", "virtualenv (>=13.0.0)", "wheel"]
testing-integration = ["build[virtualenv] (>=1.0.3)", "filelock (>=3.4.0)", "jaraco.envs (>=2.2)", "jaraco.path (>=3.2.0)", "packaging (>=23.1)", "pytest", "pytest-enabler", "pytest-xdist", "tomli", "virtualenv (>=13.0.0)", "wheel"]

[[package]]
name = "six"
version = "1.16.0"
description = "Python 2 and 3 compatibility utilities"
optional = false
python-versions = ">=2.7, !=3.0.*, !=3.1.*, !=3.2.*"
files = [
    {file = "six-1.16.0-py2.py3-none-any.whl", hash = "sha256:8abb2f1d86890a2dfb989f9a77cfcfd3e47c2a354b01111771326f8aa26e0254"},
    {file = "six-1.16.0.tar.gz", hash = "sha256:1e61c37477a1626458e36f7b1d82aa5c9b094fa4802892072e49de9c60c4c926"},
]

[[package]]
name = "wcwidth"
version = "0.2.8"
description = "Measures the displayed width of unicode strings in a terminal"
optional = false
python-versions = "*"
files = [
    {file = "wcwidth-0.2.8-py2.py3-none-any.whl", hash = "sha256:77f719e01648ed600dfa5402c347481c0992263b81a027344f3e1ba25493a704"},
    {file = "wcwidth-0.2.8.tar.gz", hash = "sha256:8705c569999ffbb4f6a87c6d1b80f324bd6db952f5eb0b95bc07517f4c1813d4"},
]

[[package]]
name = "wxpython"
version = "4.2.1"
description = "Cross platform GUI toolkit for Python, \"Phoenix\" version"
optional = false
python-versions = "*"
files = [
    {file = "wxPython-4.2.1-cp310-cp310-macosx_10_10_universal2.whl", hash = "sha256:3fd606d10db694c29f712f13dc3d3179d0204a71f6c1fbb5fcee859d03e9ff97"},
    {file = "wxPython-4.2.1-cp310-cp310-win32.whl", hash = "sha256:5b233c39d7bfb53b9c4928ee7c86d626f1f7a716a6dfc3acc152bb437e658751"},
    {file = "wxPython-4.2.1-cp310-cp310-win_amd64.whl", hash = "sha256:bb7988814e706eb00792589d606d317da5661dcffbb09263cd20da956c46bcbb"},
    {file = "wxPython-4.2.1-cp311-cp311-macosx_10_10_universal2.whl", hash = "sha256:e87960d1963e291d4009c8547c85716b7d5325eb828cd183fdb28d441d6c3787"},
    {file = "wxPython-4.2.1-cp311-cp311-win32.whl", hash = "sha256:a41f3e03c3bfbe80864d7456f5c1236991fa937eedb60b986bd67e1bb47b7c3d"},
    {file = "wxPython-4.2.1-cp311-cp311-win_amd64.whl", hash = "sha256:3062b4d2f5d6dcf1d59983797fc067270a5ce829a918d52a516212e798f0c9ae"},
    {file = "wxPython-4.2.1-cp312-cp312-macosx_10_10_universal2.whl", hash = "sha256:957a6e7cc68a8e4d7ca49c72a691b6efd5684040f4f03b112d0122e7ab470497"},
    {file = "wxPython-4.2.1-cp312-cp312-win32.whl", hash = "sha256:8d846a785cd33c31e7eb42038eb159c88977d38208496b8322d14aef107f3eec"},
    {file = "wxPython-4.2.1-cp312-cp312-win_amd64.whl", hash = "sha256:1ca327c877f276b33e2c4b6cb8417964305ee505e2509fb2000851d48b82328f"},
    {file = "wxPython-4.2.1-cp38-cp38-macosx_11_0_universal2.whl", hash = "sha256:a7eefbc7fe7ac86479d814302711f8f118ba214229aa2a6d789fb888ee79abaa"},
    {file = "wxPython-4.2.1-cp38-cp38-win32.whl", hash = "sha256:ff0423e84a5aaa203e7c1c3d36f8417c54cb4cd8849a43b3c917ac3bfafa4ad7"},
    {file = "wxPython-4.2.1-cp38-cp38-win_amd64.whl", hash = "sha256:903f45131107802b38c0b5d0e964a2ce0295b67e8c3d7659821ac5b26a35658b"},
    {file = "wxPython-4.2.1-cp39-cp39-macosx_10_10_universal2.whl", hash = "sha256:a15b76dad81f9bd6ceadf00fbede9aff9e09859a9aa698c53e8bd56b95d2effc"},
    {file = "wxPython-4.2.1-cp39-cp39-win32.whl", hash = "sha256:c4db6d7f054d76cb1532dbd5da81b87b7a90dc9fdf18a3540063b2f8f5f3e663"},
    {file = "wxPython-4.2.1-cp39-cp39-win_amd64.whl", hash = "sha256:0595fdd133a552a232a99759b87891136a4500c806bbea68b888e7b6f2c9bbea"},
    {file = "wxPython-4.2.1.tar.gz", hash = "sha256:e48de211a6606bf072ec3fa778771d6b746c00b7f4b970eb58728ddf56d13d5c"},
]

[package.dependencies]
numpy = {version = "*", markers = "python_version >= \"3.0\" and python_version < \"3.12\""}
pillow = "*"
six = "*"

[metadata]
lock-version = "2.0"
python-versions = "~3.11"
content-hash = "5c0559044443390d95c4f29bcd204376a211d1e1e15ade49baea446b6921d455"
